// !$*UTF8*$!
{
	archiveVersion = 1;
	classes = {
	};
	objectVersion = 46;
	objects = {

/* Begin PBXBuildFile section */
		92135B3617DD1DB800B88604 /* StringLists.h in Headers */ = {isa = PBXBuildFile; fileRef = 92135B3517DD1DB800B88604 /* StringLists.h */; };
		92246A4417B29E5A00D0439B /* ConsoleMain.c in Sources */ = {isa = PBXBuildFile; fileRef = 92246A4317B29E5A00D0439B /* ConsoleMain.c */; };
		92246A5B17B2A5C700D0439B /* GetRelease.c in Sources */ = {isa = PBXBuildFile; fileRef = 92A112DD0EC39231006B5F38 /* GetRelease.c */; };
		92246A5E17B2A5EC00D0439B /* Inits.c in Sources */ = {isa = PBXBuildFile; fileRef = 92A112D80EC39231006B5F38 /* Inits.c */; };
		9224724117B7E9CF00D0439B /* ConsoleStubs.c in Sources */ = {isa = PBXBuildFile; fileRef = 9224724017B7E9CF00D0439B /* ConsoleStubs.c */; };
		9224732917B97A1100D0439B /* ConsoleMemory.c in Sources */ = {isa = PBXBuildFile; fileRef = 9224732817B97A1100D0439B /* ConsoleMemory.c */; };
		92248DCF17BA8C0E00D0439B /* MissingMacPrototypes.h in Headers */ = {isa = PBXBuildFile; fileRef = 92248DCE17BA8C0E00D0439B /* MissingMacPrototypes.h */; };
		9239094D22EAA72900E4C459 /* ConsoleMain.c in Sources */ = {isa = PBXBuildFile; fileRef = 92246A4317B29E5A00D0439B /* ConsoleMain.c */; };
		9239094E22EAA72900E4C459 /* ConsoleMemory.c in Sources */ = {isa = PBXBuildFile; fileRef = 9224732817B97A1100D0439B /* ConsoleMemory.c */; };
		9239094F22EAA72900E4C459 /* ConsoleMessages.c in Sources */ = {isa = PBXBuildFile; fileRef = 92DA0B5A17CD163300140F5B /* ConsoleMessages.c */; };
		9239095022EAA72900E4C459 /* ConsoleStubs.c in Sources */ = {isa = PBXBuildFile; fileRef = 9224724017B7E9CF00D0439B /* ConsoleStubs.c */; };
		9239095122EAA72900E4C459 /* Encode.c in Sources */ = {isa = PBXBuildFile; fileRef = 92A112F50EC39232006B5F38 /* Encode.c */; };
		9239095222EAA72900E4C459 /* CTextHandles.c in Sources */ = {isa = PBXBuildFile; fileRef = 92DA0A8B17CBB8FE00140F5B /* CTextHandles.c */; };
		9239095322EAA72900E4C459 /* Strings.c in Sources */ = {isa = PBXBuildFile; fileRef = 92A112EE0EC39232006B5F38 /* Strings.c */; };
		9239095422EAA72900E4C459 /* GetRelease.c in Sources */ = {isa = PBXBuildFile; fileRef = 92A112DD0EC39231006B5F38 /* GetRelease.c */; };
		9239095522EAA72900E4C459 /* Inits.c in Sources */ = {isa = PBXBuildFile; fileRef = 92A112D80EC39231006B5F38 /* Inits.c */; };
		9239095622EAA72900E4C459 /* Misc.c in Sources */ = {isa = PBXBuildFile; fileRef = 92A112E30EC39231006B5F38 /* Misc.c */; };
		9239095722EAA72900E4C459 /* DisplayThings.c in Sources */ = {isa = PBXBuildFile; fileRef = 92A112F00EC39232006B5F38 /* DisplayThings.c */; };
		9239095822EAA72900E4C459 /* CompileGrammar.c in Sources */ = {isa = PBXBuildFile; fileRef = 92A112F20EC39232006B5F38 /* CompileGrammar.c */; };
		9239095922EAA72900E4C459 /* CompileProcs.c in Sources */ = {isa = PBXBuildFile; fileRef = 92A112F30EC39232006B5F38 /* CompileProcs.c */; };
		9239095A22EAA72900E4C459 /* PlayThings.c in Sources */ = {isa = PBXBuildFile; fileRef = 92A112F90EC39232006B5F38 /* PlayThings.c */; };
		9239095B22EAA72900E4C459 /* Polymetric.c in Sources */ = {isa = PBXBuildFile; fileRef = 92A112F70EC39232006B5F38 /* Polymetric.c */; };
		9239095C22EAA72900E4C459 /* ProduceItems.c in Sources */ = {isa = PBXBuildFile; fileRef = 92A112F80EC39232006B5F38 /* ProduceItems.c */; };
		9239095D22EAA72900E4C459 /* Arithmetic.c in Sources */ = {isa = PBXBuildFile; fileRef = 92A112E90EC39232006B5F38 /* Arithmetic.c */; };
		9239095E22EAA72900E4C459 /* Automata.c in Sources */ = {isa = PBXBuildFile; fileRef = 92A112F10EC39232006B5F38 /* Automata.c */; };
		9239095F22EAA72900E4C459 /* Compute.c in Sources */ = {isa = PBXBuildFile; fileRef = 92A112F40EC39232006B5F38 /* Compute.c */; };
		9239096022EAA72900E4C459 /* Csound.c in Sources */ = {isa = PBXBuildFile; fileRef = 92A112FB0EC39232006B5F38 /* Csound.c */; };
		9239096122EAA72900E4C459 /* CsoundMaths.c in Sources */ = {isa = PBXBuildFile; fileRef = 92A112FC0EC39232006B5F38 /* CsoundMaths.c */; };
		9239096222EAA72900E4C459 /* CsoundScoreMake.c in Sources */ = {isa = PBXBuildFile; fileRef = 92A112FD0EC39232006B5F38 /* CsoundScoreMake.c */; };
		9239096322EAA72900E4C459 /* DisplayArg.c in Sources */ = {isa = PBXBuildFile; fileRef = 92A112EF0EC39232006B5F38 /* DisplayArg.c */; };
		9239096422EAA72900E4C459 /* FillPhaseDiagram.c in Sources */ = {isa = PBXBuildFile; fileRef = 92A112F60EC39232006B5F38 /* FillPhaseDiagram.c */; };
		9239096522EAA72900E4C459 /* Glossary.c in Sources */ = {isa = PBXBuildFile; fileRef = 92A112FE0EC39232006B5F38 /* Glossary.c */; };
		9239096622EAA72900E4C459 /* HTML.c in Sources */ = {isa = PBXBuildFile; fileRef = 92A112E80EC39232006B5F38 /* HTML.c */; };
		9239096722EAA72900E4C459 /* Interface2.c in Sources */ = {isa = PBXBuildFile; fileRef = 92A112E20EC39231006B5F38 /* Interface2.c */; };
		9239096822EAA72900E4C459 /* MakeSound.c in Sources */ = {isa = PBXBuildFile; fileRef = 92A113060EC39232006B5F38 /* MakeSound.c */; };
		9239096922EAA72900E4C459 /* MIDIloads.c in Sources */ = {isa = PBXBuildFile; fileRef = 92A112ED0EC39232006B5F38 /* MIDIloads.c */; };
		9239096A22EAA72900E4C459 /* MIDIstubs.c in Sources */ = {isa = PBXBuildFile; fileRef = 928320F9157C5CE600EADF2F /* MIDIstubs.c */; };
		9239096B22EAA72900E4C459 /* MIDIstuff.c in Sources */ = {isa = PBXBuildFile; fileRef = 92A112EA0EC39232006B5F38 /* MIDIstuff.c */; };
		9239096C22EAA72900E4C459 /* SaveLoads3.c in Sources */ = {isa = PBXBuildFile; fileRef = 92A112E70EC39232006B5F38 /* SaveLoads3.c */; };
		9239096D22EAA72900E4C459 /* SetObjectFeatures.c in Sources */ = {isa = PBXBuildFile; fileRef = 92A1130A0EC39232006B5F38 /* SetObjectFeatures.c */; };
		9239096E22EAA72900E4C459 /* SoundObjects2.c in Sources */ = {isa = PBXBuildFile; fileRef = 92A113080EC39232006B5F38 /* SoundObjects2.c */; };
		9239096F22EAA72900E4C459 /* SoundObjects3.c in Sources */ = {isa = PBXBuildFile; fileRef = 92A113090EC39232006B5F38 /* SoundObjects3.c */; };
		9239097022EAA72900E4C459 /* Ticks.c in Sources */ = {isa = PBXBuildFile; fileRef = 92A1130C0EC39232006B5F38 /* Ticks.c */; };
		9239097122EAA72900E4C459 /* TimeSet.c in Sources */ = {isa = PBXBuildFile; fileRef = 92A1130D0EC39232006B5F38 /* TimeSet.c */; };
		9239097222EAA72900E4C459 /* TimeSetFunctions.c in Sources */ = {isa = PBXBuildFile; fileRef = 92A1130B0EC39232006B5F38 /* TimeSetFunctions.c */; };
		9239097322EAA72900E4C459 /* Zouleb.c in Sources */ = {isa = PBXBuildFile; fileRef = 92A113000EC39232006B5F38 /* Zouleb.c */; };
		9267C69517B06BC600119CEA /* MissingMacTypes.h in Headers */ = {isa = PBXBuildFile; fileRef = 9267C69217B06BC600119CEA /* MissingMacTypes.h */; };
		927DEBDD0EC6AE330036A79B /* -se.startup in Copy Extra Files */ = {isa = PBXBuildFile; fileRef = 92A1133F0EC39232006B5F38 /* -se.startup */; };
		927DEBDE0EC6AE330036A79B /* BP2 help in Copy Extra Files */ = {isa = PBXBuildFile; fileRef = 92A113400EC39232006B5F38 /* BP2 help */; };
		927DEBDF0EC6AE330036A79B /* Credits.txt in Copy Extra Files */ = {isa = PBXBuildFile; fileRef = 92A113410EC39232006B5F38 /* Credits.txt */; };
		927DEBE00EC6AE330036A79B /* License.txt in Copy Extra Files */ = {isa = PBXBuildFile; fileRef = 92A113420EC39232006B5F38 /* License.txt */; };
		92832054157B209D00EADF2F /* PrefixANSIDebug.h in Headers */ = {isa = PBXBuildFile; fileRef = 92A112C00EC39231006B5F38 /* PrefixANSIDebug.h */; };
		928320FB157C5CE600EADF2F /* MIDIstubs.c in Sources */ = {isa = PBXBuildFile; fileRef = 928320F9157C5CE600EADF2F /* MIDIstubs.c */; };
		9290E9FA24C62DC40064A1A3 /* SaveLoads1.c in Sources */ = {isa = PBXBuildFile; fileRef = 92A112E50EC39231006B5F38 /* SaveLoads1.c */; };
		9290E9FB24C62DC60064A1A3 /* SaveLoads1.c in Sources */ = {isa = PBXBuildFile; fileRef = 92A112E50EC39231006B5F38 /* SaveLoads1.c */; };
		9290E9FC24C62E4B0064A1A3 /* SaveLoads1.c in Sources */ = {isa = PBXBuildFile; fileRef = 92A112E50EC39231006B5F38 /* SaveLoads1.c */; };
		92932D2924D68D2A008CECF5 /* MIDIfiles.c in Sources */ = {isa = PBXBuildFile; fileRef = 92A112EC0EC39232006B5F38 /* MIDIfiles.c */; };
		92932D2A24D68D2B008CECF5 /* MIDIfiles.c in Sources */ = {isa = PBXBuildFile; fileRef = 92A112EC0EC39232006B5F38 /* MIDIfiles.c */; };
		92932D2B24D68D2C008CECF5 /* MIDIfiles.c in Sources */ = {isa = PBXBuildFile; fileRef = 92A112EC0EC39232006B5F38 /* MIDIfiles.c */; };
		92A113A20EC3924F006B5F38 /* DisplayThings.c in Sources */ = {isa = PBXBuildFile; fileRef = 92A112F00EC39232006B5F38 /* DisplayThings.c */; };
		92A113A30EC3924F006B5F38 /* Misc.c in Sources */ = {isa = PBXBuildFile; fileRef = 92A112E30EC39231006B5F38 /* Misc.c */; };
		92A113AB0EC3924F006B5F38 /* NavServWrapper.h in Headers */ = {isa = PBXBuildFile; fileRef = 92A112DA0EC39231006B5F38 /* NavServWrapper.h */; };
		92A113AC0EC3924F006B5F38 /* HTML.c in Sources */ = {isa = PBXBuildFile; fileRef = 92A112E80EC39232006B5F38 /* HTML.c */; };
		92A113AD0EC3924F006B5F38 /* Strings.c in Sources */ = {isa = PBXBuildFile; fileRef = 92A112EE0EC39232006B5F38 /* Strings.c */; };
		92A113BD0EC3924F006B5F38 /* CarbonCompatUtil.h in Headers */ = {isa = PBXBuildFile; fileRef = 92A112DC0EC39231006B5F38 /* CarbonCompatUtil.h */; };
		92A113BE0EC3924F006B5F38 /* SetObjectFeatures.c in Sources */ = {isa = PBXBuildFile; fileRef = 92A1130A0EC39232006B5F38 /* SetObjectFeatures.c */; };
		92A113C00EC3924F006B5F38 /* SoundObjects2.c in Sources */ = {isa = PBXBuildFile; fileRef = 92A113080EC39232006B5F38 /* SoundObjects2.c */; };
		92A113C10EC3924F006B5F38 /* SoundObjects3.c in Sources */ = {isa = PBXBuildFile; fileRef = 92A113090EC39232006B5F38 /* SoundObjects3.c */; };
		92A113C20EC3924F006B5F38 /* Csound.c in Sources */ = {isa = PBXBuildFile; fileRef = 92A112FB0EC39232006B5F38 /* Csound.c */; };
		92A113C30EC3924F006B5F38 /* CsoundMaths.c in Sources */ = {isa = PBXBuildFile; fileRef = 92A112FC0EC39232006B5F38 /* CsoundMaths.c */; };
		92A113C60EC3924F006B5F38 /* MIDIloads.c in Sources */ = {isa = PBXBuildFile; fileRef = 92A112ED0EC39232006B5F38 /* MIDIloads.c */; };
		92A113C80EC3924F006B5F38 /* MIDIstuff.c in Sources */ = {isa = PBXBuildFile; fileRef = 92A112EA0EC39232006B5F38 /* MIDIstuff.c */; };
		92A113C90EC3924F006B5F38 /* MakeSound.c in Sources */ = {isa = PBXBuildFile; fileRef = 92A113060EC39232006B5F38 /* MakeSound.c */; };
		92A113CA0EC3924F006B5F38 /* PlayThings.c in Sources */ = {isa = PBXBuildFile; fileRef = 92A112F90EC39232006B5F38 /* PlayThings.c */; };
		92A113CB0EC3924F006B5F38 /* TimeSet.c in Sources */ = {isa = PBXBuildFile; fileRef = 92A1130D0EC39232006B5F38 /* TimeSet.c */; };
		92A113CC0EC3924F006B5F38 /* TimeSetFunctions.c in Sources */ = {isa = PBXBuildFile; fileRef = 92A1130B0EC39232006B5F38 /* TimeSetFunctions.c */; };
		92A113CD0EC3924F006B5F38 /* FillPhaseDiagram.c in Sources */ = {isa = PBXBuildFile; fileRef = 92A112F60EC39232006B5F38 /* FillPhaseDiagram.c */; };
		92A113CE0EC3924F006B5F38 /* Arithmetic.c in Sources */ = {isa = PBXBuildFile; fileRef = 92A112E90EC39232006B5F38 /* Arithmetic.c */; };
		92A113CF0EC3924F006B5F38 /* Automata.c in Sources */ = {isa = PBXBuildFile; fileRef = 92A112F10EC39232006B5F38 /* Automata.c */; };
		92A113D00EC3924F006B5F38 /* DisplayArg.c in Sources */ = {isa = PBXBuildFile; fileRef = 92A112EF0EC39232006B5F38 /* DisplayArg.c */; };
		92A113D10EC3924F006B5F38 /* CompileGrammar.c in Sources */ = {isa = PBXBuildFile; fileRef = 92A112F20EC39232006B5F38 /* CompileGrammar.c */; };
		92A113D20EC3924F006B5F38 /* CompileProcs.c in Sources */ = {isa = PBXBuildFile; fileRef = 92A112F30EC39232006B5F38 /* CompileProcs.c */; };
		92A113D30EC3924F006B5F38 /* Compute.c in Sources */ = {isa = PBXBuildFile; fileRef = 92A112F40EC39232006B5F38 /* Compute.c */; };
		92A113D40EC3924F006B5F38 /* Encode.c in Sources */ = {isa = PBXBuildFile; fileRef = 92A112F50EC39232006B5F38 /* Encode.c */; };
		92A113D50EC3924F006B5F38 /* Polymetric.c in Sources */ = {isa = PBXBuildFile; fileRef = 92A112F70EC39232006B5F38 /* Polymetric.c */; };
		92A113D60EC3924F006B5F38 /* ProduceItems.c in Sources */ = {isa = PBXBuildFile; fileRef = 92A112F80EC39232006B5F38 /* ProduceItems.c */; };
		92A113D70EC3924F006B5F38 /* Zouleb.c in Sources */ = {isa = PBXBuildFile; fileRef = 92A113000EC39232006B5F38 /* Zouleb.c */; };
		92A113D80EC3924F006B5F38 /* Glossary.c in Sources */ = {isa = PBXBuildFile; fileRef = 92A112FE0EC39232006B5F38 /* Glossary.c */; };
		92A113DA0EC3924F006B5F38 /* Ticks.c in Sources */ = {isa = PBXBuildFile; fileRef = 92A1130C0EC39232006B5F38 /* Ticks.c */; };
		92A113E40EC39254006B5F38 /* -BP2.h in Headers */ = {isa = PBXBuildFile; fileRef = 92A113100EC39232006B5F38 /* -BP2.h */; };
		92A113E50EC39254006B5F38 /* -BP2main.h in Headers */ = {isa = PBXBuildFile; fileRef = 92A113130EC39232006B5F38 /* -BP2main.h */; };
		92A113E60EC39254006B5F38 /* -BP2decl.h in Headers */ = {isa = PBXBuildFile; fileRef = 92A113120EC39232006B5F38 /* -BP2decl.h */; };
		92A113EC0EC39254006B5F38 /* midi1.h in Headers */ = {isa = PBXBuildFile; fileRef = 92A113140EC39232006B5F38 /* midi1.h */; };
		92A113ED0EC39254006B5F38 /* -BP2.proto.h in Headers */ = {isa = PBXBuildFile; fileRef = 92A113110EC39232006B5F38 /* -BP2.proto.h */; };
		92BD2E5C17E262220028D273 /* Arithmetic.c in Sources */ = {isa = PBXBuildFile; fileRef = 92A112E90EC39232006B5F38 /* Arithmetic.c */; };
		92BD2E5D17E262270028D273 /* Automata.c in Sources */ = {isa = PBXBuildFile; fileRef = 92A112F10EC39232006B5F38 /* Automata.c */; };
		92BD2E5E17E262280028D273 /* Compute.c in Sources */ = {isa = PBXBuildFile; fileRef = 92A112F40EC39232006B5F38 /* Compute.c */; };
		92BD2E5F17E262290028D273 /* Csound.c in Sources */ = {isa = PBXBuildFile; fileRef = 92A112FB0EC39232006B5F38 /* Csound.c */; };
		92BD2E6017E2622A0028D273 /* CsoundMaths.c in Sources */ = {isa = PBXBuildFile; fileRef = 92A112FC0EC39232006B5F38 /* CsoundMaths.c */; };
		92BD2E6117E2622A0028D273 /* CsoundScoreMake.c in Sources */ = {isa = PBXBuildFile; fileRef = 92A112FD0EC39232006B5F38 /* CsoundScoreMake.c */; };
		92BD2E6217E2622B0028D273 /* DisplayArg.c in Sources */ = {isa = PBXBuildFile; fileRef = 92A112EF0EC39232006B5F38 /* DisplayArg.c */; };
		92BD2E6317E2622C0028D273 /* FillPhaseDiagram.c in Sources */ = {isa = PBXBuildFile; fileRef = 92A112F60EC39232006B5F38 /* FillPhaseDiagram.c */; };
		92BD2E6417E2622D0028D273 /* Glossary.c in Sources */ = {isa = PBXBuildFile; fileRef = 92A112FE0EC39232006B5F38 /* Glossary.c */; };
		92BD2E6517E2622E0028D273 /* HTML.c in Sources */ = {isa = PBXBuildFile; fileRef = 92A112E80EC39232006B5F38 /* HTML.c */; };
		92BD2E6617E2622F0028D273 /* Interface2.c in Sources */ = {isa = PBXBuildFile; fileRef = 92A112E20EC39231006B5F38 /* Interface2.c */; };
		92BD2E6717E2622F0028D273 /* MakeSound.c in Sources */ = {isa = PBXBuildFile; fileRef = 92A113060EC39232006B5F38 /* MakeSound.c */; };
		92BD2E6817E262300028D273 /* MIDIloads.c in Sources */ = {isa = PBXBuildFile; fileRef = 92A112ED0EC39232006B5F38 /* MIDIloads.c */; };
		92BD2E6917E262310028D273 /* MIDIstubs.c in Sources */ = {isa = PBXBuildFile; fileRef = 928320F9157C5CE600EADF2F /* MIDIstubs.c */; };
		92BD2E6A17E262310028D273 /* MIDIstuff.c in Sources */ = {isa = PBXBuildFile; fileRef = 92A112EA0EC39232006B5F38 /* MIDIstuff.c */; };
		92BD2E6B17E262330028D273 /* SaveLoads3.c in Sources */ = {isa = PBXBuildFile; fileRef = 92A112E70EC39232006B5F38 /* SaveLoads3.c */; };
		92BD2E6C17E262330028D273 /* SetObjectFeatures.c in Sources */ = {isa = PBXBuildFile; fileRef = 92A1130A0EC39232006B5F38 /* SetObjectFeatures.c */; };
		92BD2E6D17E262340028D273 /* SoundObjects2.c in Sources */ = {isa = PBXBuildFile; fileRef = 92A113080EC39232006B5F38 /* SoundObjects2.c */; };
		92BD2E6E17E262350028D273 /* SoundObjects3.c in Sources */ = {isa = PBXBuildFile; fileRef = 92A113090EC39232006B5F38 /* SoundObjects3.c */; };
		92BD2E6F17E262360028D273 /* Ticks.c in Sources */ = {isa = PBXBuildFile; fileRef = 92A1130C0EC39232006B5F38 /* Ticks.c */; };
		92BD2E7017E262360028D273 /* TimeSet.c in Sources */ = {isa = PBXBuildFile; fileRef = 92A1130D0EC39232006B5F38 /* TimeSet.c */; };
		92BD2E7117E262370028D273 /* TimeSetFunctions.c in Sources */ = {isa = PBXBuildFile; fileRef = 92A1130B0EC39232006B5F38 /* TimeSetFunctions.c */; };
		92BD2E7217E262370028D273 /* Zouleb.c in Sources */ = {isa = PBXBuildFile; fileRef = 92A113000EC39232006B5F38 /* Zouleb.c */; };
		92DA09AA17CA899800140F5B /* Interface2.c in Sources */ = {isa = PBXBuildFile; fileRef = 92A112E20EC39231006B5F38 /* Interface2.c */; };
		92DA0A8C17CBB8FE00140F5B /* CTextHandles.h in Headers */ = {isa = PBXBuildFile; fileRef = 92DA0A8A17CBB8FE00140F5B /* CTextHandles.h */; };
		92DA0A8D17CBB8FE00140F5B /* CTextHandles.c in Sources */ = {isa = PBXBuildFile; fileRef = 92DA0A8B17CBB8FE00140F5B /* CTextHandles.c */; };
		92DA0B5B17CD163300140F5B /* ConsoleMessages.c in Sources */ = {isa = PBXBuildFile; fileRef = 92DA0B5A17CD163300140F5B /* ConsoleMessages.c */; };
		92DA0B6017CD207700140F5B /* ConsoleMessages.h in Headers */ = {isa = PBXBuildFile; fileRef = 92DA0B5F17CD207700140F5B /* ConsoleMessages.h */; };
		92DA0C4517CD941700140F5B /* ConsoleMain.c in Sources */ = {isa = PBXBuildFile; fileRef = 92246A4317B29E5A00D0439B /* ConsoleMain.c */; };
		92DA0C4617CD941800140F5B /* ConsoleMemory.c in Sources */ = {isa = PBXBuildFile; fileRef = 9224732817B97A1100D0439B /* ConsoleMemory.c */; };
		92DA0C4717CD941800140F5B /* ConsoleMessages.c in Sources */ = {isa = PBXBuildFile; fileRef = 92DA0B5A17CD163300140F5B /* ConsoleMessages.c */; };
		92DA0C4817CD941800140F5B /* ConsoleStubs.c in Sources */ = {isa = PBXBuildFile; fileRef = 9224724017B7E9CF00D0439B /* ConsoleStubs.c */; };
		92DA0C5117CD944100140F5B /* Encode.c in Sources */ = {isa = PBXBuildFile; fileRef = 92A112F50EC39232006B5F38 /* Encode.c */; };
		92DA0C5217CD944A00140F5B /* CTextHandles.c in Sources */ = {isa = PBXBuildFile; fileRef = 92DA0A8B17CBB8FE00140F5B /* CTextHandles.c */; };
		92DA0C5F17CD97FE00140F5B /* Strings.c in Sources */ = {isa = PBXBuildFile; fileRef = 92A112EE0EC39232006B5F38 /* Strings.c */; };
		92DA0C6217CD983900140F5B /* GetRelease.c in Sources */ = {isa = PBXBuildFile; fileRef = 92A112DD0EC39231006B5F38 /* GetRelease.c */; };
		92DA0C6417CD985400140F5B /* Inits.c in Sources */ = {isa = PBXBuildFile; fileRef = 92A112D80EC39231006B5F38 /* Inits.c */; };
		92DA0C6617CD98D900140F5B /* Misc.c in Sources */ = {isa = PBXBuildFile; fileRef = 92A112E30EC39231006B5F38 /* Misc.c */; };
		92DA0C6917CD992600140F5B /* DisplayThings.c in Sources */ = {isa = PBXBuildFile; fileRef = 92A112F00EC39232006B5F38 /* DisplayThings.c */; };
		92DA0C6B17CD99BB00140F5B /* CompileGrammar.c in Sources */ = {isa = PBXBuildFile; fileRef = 92A112F20EC39232006B5F38 /* CompileGrammar.c */; };
		92DA0C6D17CD9A0800140F5B /* CompileProcs.c in Sources */ = {isa = PBXBuildFile; fileRef = 92A112F30EC39232006B5F38 /* CompileProcs.c */; };
		92DA0C6F17CD9B2D00140F5B /* PlayThings.c in Sources */ = {isa = PBXBuildFile; fileRef = 92A112F90EC39232006B5F38 /* PlayThings.c */; };
		92DA0C7417CD9D6100140F5B /* Polymetric.c in Sources */ = {isa = PBXBuildFile; fileRef = 92A112F70EC39232006B5F38 /* Polymetric.c */; };
		92DA0C7517CD9D6600140F5B /* ProduceItems.c in Sources */ = {isa = PBXBuildFile; fileRef = 92A112F80EC39232006B5F38 /* ProduceItems.c */; };
		92DA119A17D2E0B500140F5B /* CsoundScoreMake.c in Sources */ = {isa = PBXBuildFile; fileRef = 92A112FD0EC39232006B5F38 /* CsoundScoreMake.c */; };
		92DA120717D67BB700140F5B /* SaveLoads3.c in Sources */ = {isa = PBXBuildFile; fileRef = 92A112E70EC39232006B5F38 /* SaveLoads3.c */; };
/* End PBXBuildFile section */

/* Begin PBXBuildRule section */
		92A114900EC64CB4006B5F38 /* PBXBuildRule */ = {
			isa = PBXBuildRule;
			compilerSpec = com.apple.compilers.gcc.4_0;
			fileType = sourcecode.c;
			isEditable = 1;
			outputFiles = (
			);
		};
		92A114910EC64CD3006B5F38 /* PBXBuildRule */ = {
			isa = PBXBuildRule;
			compilerSpec = com.apple.compilers.gcc.4_0;
			fileType = sourcecode.asm;
			isEditable = 1;
			outputFiles = (
			);
		};
/* End PBXBuildRule section */

/* Begin PBXCopyFilesBuildPhase section */
		927DEC400EC6DB1D0036A79B /* Copy Extra Files */ = {
			isa = PBXCopyFilesBuildPhase;
			buildActionMask = 12;
			comments = "Bol Processor needs certain files such as \"BP2 Help\" and \"-se.startup\" to be in the same directory as the executable.  This build phase copies these files to the correct location.";
			dstPath = "";
			dstSubfolderSpec = 6;
			files = (
				927DEBDD0EC6AE330036A79B /* -se.startup in Copy Extra Files */,
				927DEBDE0EC6AE330036A79B /* BP2 help in Copy Extra Files */,
				927DEBDF0EC6AE330036A79B /* Credits.txt in Copy Extra Files */,
				927DEBE00EC6AE330036A79B /* License.txt in Copy Extra Files */,
			);
			name = "Copy Extra Files";
			runOnlyForDeploymentPostprocessing = 0;
		};
/* End PBXCopyFilesBuildPhase section */

/* Begin PBXFileReference section */
		92135B3517DD1DB800B88604 /* StringLists.h */ = {isa = PBXFileReference; fileEncoding = 30; lastKnownFileType = sourcecode.c.h; name = StringLists.h; path = source/BP2/StringLists.h; sourceTree = "<group>"; };
		92246A4317B29E5A00D0439B /* ConsoleMain.c */ = {isa = PBXFileReference; fileEncoding = 30; lastKnownFileType = sourcecode.c.c; name = ConsoleMain.c; path = source/BP2/ConsoleMain.c; sourceTree = "<group>"; };
		9224724017B7E9CF00D0439B /* ConsoleStubs.c */ = {isa = PBXFileReference; fileEncoding = 4; lastKnownFileType = sourcecode.c.c; name = ConsoleStubs.c; path = source/BP2/ConsoleStubs.c; sourceTree = "<group>"; };
		9224732817B97A1100D0439B /* ConsoleMemory.c */ = {isa = PBXFileReference; fileEncoding = 4; lastKnownFileType = sourcecode.c.c; name = ConsoleMemory.c; path = source/BP2/ConsoleMemory.c; sourceTree = "<group>"; };
		92248DCE17BA8C0E00D0439B /* MissingMacPrototypes.h */ = {isa = PBXFileReference; fileEncoding = 4; lastKnownFileType = sourcecode.c.h; name = MissingMacPrototypes.h; path = source/BP2/MissingMacPrototypes.h; sourceTree = "<group>"; };
		9239097822EAA72900E4C459 /* bp64 */ = {isa = PBXFileReference; explicitFileType = "compiled.mach-o.executable"; includeInIndex = 0; path = bp64; sourceTree = BUILT_PRODUCTS_DIR; };
		9239097922EAA72A00E4C459 /* bpconsole copy-Info.plist */ = {isa = PBXFileReference; lastKnownFileType = text.plist.xml; name = "bpconsole copy-Info.plist"; path = "/Volumes/iMacSystem/Users/anthony/Projects/BP_ANSI_branch/bolprocessor/bpconsole copy-Info.plist"; sourceTree = "<absolute>"; };
		9267C69217B06BC600119CEA /* MissingMacTypes.h */ = {isa = PBXFileReference; fileEncoding = 4; lastKnownFileType = sourcecode.c.h; name = MissingMacTypes.h; path = source/BP2/MissingMacTypes.h; sourceTree = "<group>"; };
		928320F9157C5CE600EADF2F /* MIDIstubs.c */ = {isa = PBXFileReference; fileEncoding = 30; lastKnownFileType = sourcecode.c.c; name = MIDIstubs.c; path = source/BP2/MIDIstubs.c; sourceTree = "<group>"; };
		92A112B50EC39230006B5F38 /* PrefixMachO-Import.h */ = {isa = PBXFileReference; lastKnownFileType = sourcecode.c.h; name = "PrefixMachO-Import.h"; path = "source/prefix/PrefixMachO-Import.h"; sourceTree = SOURCE_ROOT; };
		92A112C00EC39231006B5F38 /* PrefixANSIDebug.h */ = {isa = PBXFileReference; lastKnownFileType = sourcecode.c.h; name = PrefixANSIDebug.h; path = source/prefix/PrefixANSIDebug.h; sourceTree = "<group>"; };
		92A112C90EC39231006B5F38 /* bpconsole.app */ = {isa = PBXFileReference; explicitFileType = wrapper.application; includeInIndex = 0; path = bpconsole.app; sourceTree = BUILT_PRODUCTS_DIR; };
		92A112CB0EC39231006B5F38 /* PrefixReleaseMachOWASTE-Import.h */ = {isa = PBXFileReference; lastKnownFileType = sourcecode.c.h; name = "PrefixReleaseMachOWASTE-Import.h"; path = "source/prefix/PrefixReleaseMachOWASTE-Import.h"; sourceTree = SOURCE_ROOT; };
		92A112D70EC39231006B5F38 /* BP2main.c */ = {isa = PBXFileReference; lastKnownFileType = sourcecode.c.c; name = BP2main.c; path = source/BP2/BP2main.c; sourceTree = "<group>"; };
		92A112D80EC39231006B5F38 /* Inits.c */ = {isa = PBXFileReference; lastKnownFileType = sourcecode.c.c; name = Inits.c; path = source/BP2/Inits.c; sourceTree = "<group>"; };
		92A112D90EC39231006B5F38 /* NavServWrapper.c */ = {isa = PBXFileReference; lastKnownFileType = sourcecode.c.c; name = NavServWrapper.c; path = source/BP2/NavServWrapper.c; sourceTree = "<group>"; };
		92A112DA0EC39231006B5F38 /* NavServWrapper.h */ = {isa = PBXFileReference; lastKnownFileType = sourcecode.c.h; name = NavServWrapper.h; path = source/BP2/NavServWrapper.h; sourceTree = SOURCE_ROOT; };
		92A112DB0EC39231006B5F38 /* CarbonCompatUtil.c */ = {isa = PBXFileReference; lastKnownFileType = sourcecode.c.c; name = CarbonCompatUtil.c; path = source/BP2/CarbonCompatUtil.c; sourceTree = "<group>"; };
		92A112DC0EC39231006B5F38 /* CarbonCompatUtil.h */ = {isa = PBXFileReference; lastKnownFileType = sourcecode.c.h; name = CarbonCompatUtil.h; path = source/BP2/CarbonCompatUtil.h; sourceTree = SOURCE_ROOT; };
		92A112DD0EC39231006B5F38 /* GetRelease.c */ = {isa = PBXFileReference; lastKnownFileType = sourcecode.c.c; name = GetRelease.c; path = source/BP2/GetRelease.c; sourceTree = "<group>"; };
		92A112DE0EC39231006B5F38 /* AppleEvents.c */ = {isa = PBXFileReference; lastKnownFileType = sourcecode.c.c; name = AppleEvents.c; path = source/BP2/AppleEvents.c; sourceTree = "<group>"; };
		92A112DF0EC39231006B5F38 /* MenuCommands.c */ = {isa = PBXFileReference; lastKnownFileType = sourcecode.c.c; name = MenuCommands.c; path = source/BP2/MenuCommands.c; sourceTree = "<group>"; };
		92A112E00EC39231006B5F38 /* Dialogs.c */ = {isa = PBXFileReference; lastKnownFileType = sourcecode.c.c; name = Dialogs.c; path = source/BP2/Dialogs.c; sourceTree = "<group>"; };
		92A112E10EC39231006B5F38 /* Interface1.c */ = {isa = PBXFileReference; lastKnownFileType = sourcecode.c.c; name = Interface1.c; path = source/BP2/Interface1.c; sourceTree = "<group>"; };
		92A112E20EC39231006B5F38 /* Interface2.c */ = {isa = PBXFileReference; lastKnownFileType = sourcecode.c.c; name = Interface2.c; path = source/BP2/Interface2.c; sourceTree = "<group>"; };
		92A112E30EC39231006B5F38 /* Misc.c */ = {isa = PBXFileReference; lastKnownFileType = sourcecode.c.c; name = Misc.c; path = source/BP2/Misc.c; sourceTree = "<group>"; };
		92A112E40EC39231006B5F38 /* Processes.c */ = {isa = PBXFileReference; lastKnownFileType = sourcecode.c.c; name = Processes.c; path = source/BP2/Processes.c; sourceTree = "<group>"; };
		92A112E50EC39231006B5F38 /* SaveLoads1.c */ = {isa = PBXFileReference; lastKnownFileType = sourcecode.c.c; name = SaveLoads1.c; path = source/BP2/SaveLoads1.c; sourceTree = "<group>"; };
		92A112E60EC39231006B5F38 /* SaveLoads2.c */ = {isa = PBXFileReference; lastKnownFileType = sourcecode.c.c; name = SaveLoads2.c; path = source/BP2/SaveLoads2.c; sourceTree = "<group>"; };
		92A112E70EC39232006B5F38 /* SaveLoads3.c */ = {isa = PBXFileReference; lastKnownFileType = sourcecode.c.c; name = SaveLoads3.c; path = source/BP2/SaveLoads3.c; sourceTree = "<group>"; };
		92A112E80EC39232006B5F38 /* HTML.c */ = {isa = PBXFileReference; lastKnownFileType = sourcecode.c.c; name = HTML.c; path = source/BP2/HTML.c; sourceTree = "<group>"; };
		92A112E90EC39232006B5F38 /* Arithmetic.c */ = {isa = PBXFileReference; lastKnownFileType = sourcecode.c.c; name = Arithmetic.c; path = source/BP2/Arithmetic.c; sourceTree = "<group>"; };
		92A112EA0EC39232006B5F38 /* MIDIstuff.c */ = {isa = PBXFileReference; lastKnownFileType = sourcecode.c.c; name = MIDIstuff.c; path = source/BP2/MIDIstuff.c; sourceTree = "<group>"; };
		92A112EB0EC39232006B5F38 /* CoreMIDIdriver.c */ = {isa = PBXFileReference; lastKnownFileType = sourcecode.c.c; name = CoreMIDIdriver.c; path = source/BP2/CoreMIDIdriver.c; sourceTree = "<group>"; };
		92A112EC0EC39232006B5F38 /* MIDIfiles.c */ = {isa = PBXFileReference; fileEncoding = 30; lastKnownFileType = sourcecode.c.c; name = MIDIfiles.c; path = source/BP2/MIDIfiles.c; sourceTree = "<group>"; };
		92A112ED0EC39232006B5F38 /* MIDIloads.c */ = {isa = PBXFileReference; lastKnownFileType = sourcecode.c.c; name = MIDIloads.c; path = source/BP2/MIDIloads.c; sourceTree = "<group>"; };
		92A112EE0EC39232006B5F38 /* Strings.c */ = {isa = PBXFileReference; lastKnownFileType = sourcecode.c.c; name = Strings.c; path = source/BP2/Strings.c; sourceTree = "<group>"; };
		92A112EF0EC39232006B5F38 /* DisplayArg.c */ = {isa = PBXFileReference; lastKnownFileType = sourcecode.c.c; name = DisplayArg.c; path = source/BP2/DisplayArg.c; sourceTree = "<group>"; };
		92A112F00EC39232006B5F38 /* DisplayThings.c */ = {isa = PBXFileReference; lastKnownFileType = sourcecode.c.c; name = DisplayThings.c; path = source/BP2/DisplayThings.c; sourceTree = "<group>"; };
		92A112F10EC39232006B5F38 /* Automata.c */ = {isa = PBXFileReference; lastKnownFileType = sourcecode.c.c; name = Automata.c; path = source/BP2/Automata.c; sourceTree = "<group>"; };
		92A112F20EC39232006B5F38 /* CompileGrammar.c */ = {isa = PBXFileReference; lastKnownFileType = sourcecode.c.c; name = CompileGrammar.c; path = source/BP2/CompileGrammar.c; sourceTree = "<group>"; };
		92A112F30EC39232006B5F38 /* CompileProcs.c */ = {isa = PBXFileReference; lastKnownFileType = sourcecode.c.c; name = CompileProcs.c; path = source/BP2/CompileProcs.c; sourceTree = "<group>"; };
		92A112F40EC39232006B5F38 /* Compute.c */ = {isa = PBXFileReference; lastKnownFileType = sourcecode.c.c; name = Compute.c; path = source/BP2/Compute.c; sourceTree = "<group>"; };
		92A112F50EC39232006B5F38 /* Encode.c */ = {isa = PBXFileReference; lastKnownFileType = sourcecode.c.c; name = Encode.c; path = source/BP2/Encode.c; sourceTree = "<group>"; };
		92A112F60EC39232006B5F38 /* FillPhaseDiagram.c */ = {isa = PBXFileReference; lastKnownFileType = sourcecode.c.c; name = FillPhaseDiagram.c; path = source/BP2/FillPhaseDiagram.c; sourceTree = "<group>"; };
		92A112F70EC39232006B5F38 /* Polymetric.c */ = {isa = PBXFileReference; lastKnownFileType = sourcecode.c.c; name = Polymetric.c; path = source/BP2/Polymetric.c; sourceTree = "<group>"; };
		92A112F80EC39232006B5F38 /* ProduceItems.c */ = {isa = PBXFileReference; lastKnownFileType = sourcecode.c.c; name = ProduceItems.c; path = source/BP2/ProduceItems.c; sourceTree = "<group>"; };
		92A112F90EC39232006B5F38 /* PlayThings.c */ = {isa = PBXFileReference; lastKnownFileType = sourcecode.c.c; name = PlayThings.c; path = source/BP2/PlayThings.c; sourceTree = "<group>"; };
		92A112FA0EC39232006B5F38 /* Translit.c */ = {isa = PBXFileReference; lastKnownFileType = sourcecode.c.c; name = Translit.c; path = source/BP2/Translit.c; sourceTree = "<group>"; };
		92A112FB0EC39232006B5F38 /* Csound.c */ = {isa = PBXFileReference; lastKnownFileType = sourcecode.c.c; name = Csound.c; path = source/BP2/Csound.c; sourceTree = "<group>"; };
		92A112FC0EC39232006B5F38 /* CsoundMaths.c */ = {isa = PBXFileReference; lastKnownFileType = sourcecode.c.c; name = CsoundMaths.c; path = source/BP2/CsoundMaths.c; sourceTree = "<group>"; };
		92A112FD0EC39232006B5F38 /* CsoundScoreMake.c */ = {isa = PBXFileReference; lastKnownFileType = sourcecode.c.c; name = CsoundScoreMake.c; path = source/BP2/CsoundScoreMake.c; sourceTree = "<group>"; };
		92A112FE0EC39232006B5F38 /* Glossary.c */ = {isa = PBXFileReference; lastKnownFileType = sourcecode.c.c; name = Glossary.c; path = source/BP2/Glossary.c; sourceTree = "<group>"; };
		92A112FF0EC39232006B5F38 /* Interaction.c */ = {isa = PBXFileReference; lastKnownFileType = sourcecode.c.c; name = Interaction.c; path = source/BP2/Interaction.c; sourceTree = "<group>"; };
		92A113000EC39232006B5F38 /* Zouleb.c */ = {isa = PBXFileReference; lastKnownFileType = sourcecode.c.c; name = Zouleb.c; path = source/BP2/Zouleb.c; sourceTree = "<group>"; };
		92A113010EC39232006B5F38 /* Color.c */ = {isa = PBXFileReference; lastKnownFileType = sourcecode.c.c; name = Color.c; path = source/BP2/Color.c; sourceTree = "<group>"; };
		92A113020EC39232006B5F38 /* Graphic.c */ = {isa = PBXFileReference; lastKnownFileType = sourcecode.c.c; name = Graphic.c; path = source/BP2/Graphic.c; sourceTree = "<group>"; };
		92A113030EC39232006B5F38 /* Script.c */ = {isa = PBXFileReference; lastKnownFileType = sourcecode.c.c; name = Script.c; path = source/BP2/Script.c; sourceTree = "<group>"; };
		92A113040EC39232006B5F38 /* ScriptAlgo.c */ = {isa = PBXFileReference; lastKnownFileType = sourcecode.c.c; name = ScriptAlgo.c; path = source/BP2/ScriptAlgo.c; sourceTree = "<group>"; };
		92A113050EC39232006B5F38 /* ScriptUtils.c */ = {isa = PBXFileReference; lastKnownFileType = sourcecode.c.c; name = ScriptUtils.c; path = source/BP2/ScriptUtils.c; sourceTree = "<group>"; };
		92A113060EC39232006B5F38 /* MakeSound.c */ = {isa = PBXFileReference; lastKnownFileType = sourcecode.c.c; name = MakeSound.c; path = source/BP2/MakeSound.c; sourceTree = "<group>"; };
		92A113070EC39232006B5F38 /* SoundObjects1.c */ = {isa = PBXFileReference; lastKnownFileType = sourcecode.c.c; name = SoundObjects1.c; path = source/BP2/SoundObjects1.c; sourceTree = "<group>"; };
		92A113080EC39232006B5F38 /* SoundObjects2.c */ = {isa = PBXFileReference; lastKnownFileType = sourcecode.c.c; name = SoundObjects2.c; path = source/BP2/SoundObjects2.c; sourceTree = "<group>"; };
		92A113090EC39232006B5F38 /* SoundObjects3.c */ = {isa = PBXFileReference; lastKnownFileType = sourcecode.c.c; name = SoundObjects3.c; path = source/BP2/SoundObjects3.c; sourceTree = "<group>"; };
		92A1130A0EC39232006B5F38 /* SetObjectFeatures.c */ = {isa = PBXFileReference; lastKnownFileType = sourcecode.c.c; name = SetObjectFeatures.c; path = source/BP2/SetObjectFeatures.c; sourceTree = "<group>"; };
		92A1130B0EC39232006B5F38 /* TimeSetFunctions.c */ = {isa = PBXFileReference; lastKnownFileType = sourcecode.c.c; name = TimeSetFunctions.c; path = source/BP2/TimeSetFunctions.c; sourceTree = "<group>"; };
		92A1130C0EC39232006B5F38 /* Ticks.c */ = {isa = PBXFileReference; lastKnownFileType = sourcecode.c.c; name = Ticks.c; path = source/BP2/Ticks.c; sourceTree = "<group>"; };
		92A1130D0EC39232006B5F38 /* TimeSet.c */ = {isa = PBXFileReference; lastKnownFileType = sourcecode.c.c; name = TimeSet.c; path = source/BP2/TimeSet.c; sourceTree = "<group>"; };
		92A1130E0EC39232006B5F38 /* WindowText.c */ = {isa = PBXFileReference; lastKnownFileType = sourcecode.c.c; name = WindowText.c; path = source/BP2/WindowText.c; sourceTree = "<group>"; };
		92A113100EC39232006B5F38 /* -BP2.h */ = {isa = PBXFileReference; lastKnownFileType = sourcecode.c.h; name = "-BP2.h"; path = "source/BP2/-BP2.h"; sourceTree = SOURCE_ROOT; };
		92A113110EC39232006B5F38 /* -BP2.proto.h */ = {isa = PBXFileReference; lastKnownFileType = sourcecode.c.h; name = "-BP2.proto.h"; path = "source/BP2/-BP2.proto.h"; sourceTree = SOURCE_ROOT; };
		92A113120EC39232006B5F38 /* -BP2decl.h */ = {isa = PBXFileReference; lastKnownFileType = sourcecode.c.h; name = "-BP2decl.h"; path = "source/BP2/-BP2decl.h"; sourceTree = SOURCE_ROOT; };
		92A113130EC39232006B5F38 /* -BP2main.h */ = {isa = PBXFileReference; lastKnownFileType = sourcecode.c.h; name = "-BP2main.h"; path = "source/BP2/-BP2main.h"; sourceTree = SOURCE_ROOT; };
		92A113140EC39232006B5F38 /* midi1.h */ = {isa = PBXFileReference; lastKnownFileType = sourcecode.c.h; name = midi1.h; path = source/BP2/midi1.h; sourceTree = SOURCE_ROOT; };
		92A113150EC39232006B5F38 /* PrefixReleaseMachOWASTE.h */ = {isa = PBXFileReference; lastKnownFileType = sourcecode.c.h; name = PrefixReleaseMachOWASTE.h; path = source/prefix/PrefixReleaseMachOWASTE.h; sourceTree = SOURCE_ROOT; };
		92A113160EC39232006B5F38 /* PrefixReleaseTransWASTE.h */ = {isa = PBXFileReference; lastKnownFileType = sourcecode.c.h; name = PrefixReleaseTransWASTE.h; path = source/prefix/PrefixReleaseTransWASTE.h; sourceTree = SOURCE_ROOT; };
		92A113170EC39232006B5F38 /* PrefixTransTextEdit.h */ = {isa = PBXFileReference; lastKnownFileType = sourcecode.c.h; name = PrefixTransTextEdit.h; path = source/prefix/PrefixTransTextEdit.h; sourceTree = SOURCE_ROOT; };
		92A113180EC39232006B5F38 /* PrefixTransWASTE.h */ = {isa = PBXFileReference; lastKnownFileType = sourcecode.c.h; name = PrefixTransWASTE.h; path = source/prefix/PrefixTransWASTE.h; sourceTree = SOURCE_ROOT; };
		92A113190EC39232006B5F38 /* PrefixCarbonTextEdit.h */ = {isa = PBXFileReference; lastKnownFileType = sourcecode.c.h; name = PrefixCarbonTextEdit.h; path = source/prefix/PrefixCarbonTextEdit.h; sourceTree = SOURCE_ROOT; };
		92A1131A0EC39232006B5F38 /* PrefixCarbonMLTE.h */ = {isa = PBXFileReference; lastKnownFileType = sourcecode.c.h; name = PrefixCarbonMLTE.h; path = source/prefix/PrefixCarbonMLTE.h; sourceTree = SOURCE_ROOT; };
		92A1131B0EC39232006B5F38 /* PrefixCarbonWASTE.h */ = {isa = PBXFileReference; lastKnownFileType = sourcecode.c.h; name = PrefixCarbonWASTE.h; path = source/prefix/PrefixCarbonWASTE.h; sourceTree = SOURCE_ROOT; };
		92A1131C0EC39232006B5F38 /* PrefixMachO.h */ = {isa = PBXFileReference; lastKnownFileType = sourcecode.c.h; name = PrefixMachO.h; path = source/prefix/PrefixMachO.h; sourceTree = SOURCE_ROOT; };
		92A1131D0EC39232006B5F38 /* PrefixMachOWASTE.h */ = {isa = PBXFileReference; lastKnownFileType = sourcecode.c.h; name = PrefixMachOWASTE.h; path = source/prefix/PrefixMachOWASTE.h; sourceTree = SOURCE_ROOT; };
		92A1131F0EC39232006B5F38 /* WEArrays.c */ = {isa = PBXFileReference; lastKnownFileType = sourcecode.c.c; name = WEArrays.c; path = source/WASTE/WEArrays.c; sourceTree = SOURCE_ROOT; };
		92A113200EC39232006B5F38 /* WEBirthDeath.c */ = {isa = PBXFileReference; lastKnownFileType = sourcecode.c.c; name = WEBirthDeath.c; path = source/WASTE/WEBirthDeath.c; sourceTree = SOURCE_ROOT; };
		92A113210EC39232006B5F38 /* WEDebug.c */ = {isa = PBXFileReference; lastKnownFileType = sourcecode.c.c; name = WEDebug.c; path = source/WASTE/WEDebug.c; sourceTree = SOURCE_ROOT; };
		92A113220EC39232006B5F38 /* WEDrawing.c */ = {isa = PBXFileReference; lastKnownFileType = sourcecode.c.c; name = WEDrawing.c; path = source/WASTE/WEDrawing.c; sourceTree = SOURCE_ROOT; };
		92A113230EC39232006B5F38 /* WEHighLevelEditing.c */ = {isa = PBXFileReference; lastKnownFileType = sourcecode.c.c; name = WEHighLevelEditing.c; path = source/WASTE/WEHighLevelEditing.c; sourceTree = SOURCE_ROOT; };
		92A113240EC39232006B5F38 /* WEInlineInput.c */ = {isa = PBXFileReference; lastKnownFileType = sourcecode.c.c; name = WEInlineInput.c; path = source/WASTE/WEInlineInput.c; sourceTree = SOURCE_ROOT; };
		92A113250EC39232006B5F38 /* WELineLayout.c */ = {isa = PBXFileReference; lastKnownFileType = sourcecode.c.c; name = WELineLayout.c; path = source/WASTE/WELineLayout.c; sourceTree = SOURCE_ROOT; };
		92A113260EC39232006B5F38 /* WELongCoords.c */ = {isa = PBXFileReference; lastKnownFileType = sourcecode.c.c; name = WELongCoords.c; path = source/WASTE/WELongCoords.c; sourceTree = SOURCE_ROOT; };
		92A113270EC39232006B5F38 /* WELowLevelEditing.c */ = {isa = PBXFileReference; lastKnownFileType = sourcecode.c.c; name = WELowLevelEditing.c; path = source/WASTE/WELowLevelEditing.c; sourceTree = SOURCE_ROOT; };
		92A113280EC39232006B5F38 /* WEMouse.c */ = {isa = PBXFileReference; lastKnownFileType = sourcecode.c.c; name = WEMouse.c; path = source/WASTE/WEMouse.c; sourceTree = SOURCE_ROOT; };
		92A113290EC39232006B5F38 /* WEObjectHandlers.c */ = {isa = PBXFileReference; lastKnownFileType = sourcecode.c.c; name = WEObjectHandlers.c; path = source/WASTE/WEObjectHandlers.c; sourceTree = SOURCE_ROOT; };
		92A1132A0EC39232006B5F38 /* WEObjectHandlers.h */ = {isa = PBXFileReference; lastKnownFileType = sourcecode.c.h; name = WEObjectHandlers.h; path = source/WASTE/WEObjectHandlers.h; sourceTree = SOURCE_ROOT; };
		92A1132B0EC39232006B5F38 /* WEObjects.c */ = {isa = PBXFileReference; lastKnownFileType = sourcecode.c.c; name = WEObjects.c; path = source/WASTE/WEObjects.c; sourceTree = SOURCE_ROOT; };
		92A1132C0EC39232006B5F38 /* WEScraps.c */ = {isa = PBXFileReference; lastKnownFileType = sourcecode.c.c; name = WEScraps.c; path = source/WASTE/WEScraps.c; sourceTree = SOURCE_ROOT; };
		92A1132D0EC39232006B5F38 /* WESelecting.c */ = {isa = PBXFileReference; lastKnownFileType = sourcecode.c.c; name = WESelecting.c; path = source/WASTE/WESelecting.c; sourceTree = SOURCE_ROOT; };
		92A1132E0EC39232006B5F38 /* WESelectors.c */ = {isa = PBXFileReference; lastKnownFileType = sourcecode.c.c; name = WESelectors.c; path = source/WASTE/WESelectors.c; sourceTree = SOURCE_ROOT; };
		92A1132F0EC39232006B5F38 /* WETabHooks.c */ = {isa = PBXFileReference; lastKnownFileType = sourcecode.c.c; name = WETabHooks.c; path = source/WASTE/WETabHooks.c; sourceTree = SOURCE_ROOT; };
		92A113300EC39232006B5F38 /* WETabHooks.h */ = {isa = PBXFileReference; lastKnownFileType = sourcecode.c.h; name = WETabHooks.h; path = source/WASTE/WETabHooks.h; sourceTree = SOURCE_ROOT; };
		92A113310EC39232006B5F38 /* WETabs.c */ = {isa = PBXFileReference; lastKnownFileType = sourcecode.c.c; name = WETabs.c; path = source/WASTE/WETabs.c; sourceTree = SOURCE_ROOT; };
		92A113320EC39232006B5F38 /* WETabs.h */ = {isa = PBXFileReference; lastKnownFileType = sourcecode.c.h; name = WETabs.h; path = source/WASTE/WETabs.h; sourceTree = SOURCE_ROOT; };
		92A113330EC39232006B5F38 /* WEUtilities.c */ = {isa = PBXFileReference; lastKnownFileType = sourcecode.c.c; name = WEUtilities.c; path = source/WASTE/WEUtilities.c; sourceTree = SOURCE_ROOT; };
		92A113350EC39232006B5F38 /* LongCoords.h */ = {isa = PBXFileReference; lastKnownFileType = sourcecode.c.h; name = LongCoords.h; path = source/WASTE/LongCoords.h; sourceTree = SOURCE_ROOT; };
		92A113360EC39232006B5F38 /* WASTE.h */ = {isa = PBXFileReference; lastKnownFileType = sourcecode.c.h; name = WASTE.h; path = source/WASTE/WASTE.h; sourceTree = SOURCE_ROOT; };
		92A113370EC39232006B5F38 /* WASTEIntf.h */ = {isa = PBXFileReference; lastKnownFileType = sourcecode.c.h; name = WASTEIntf.h; path = source/WASTE/WASTEIntf.h; sourceTree = SOURCE_ROOT; };
		92A1133F0EC39232006B5F38 /* -se.startup */ = {isa = PBXFileReference; lastKnownFileType = text; path = "-se.startup"; sourceTree = SOURCE_ROOT; };
		92A113400EC39232006B5F38 /* BP2 help */ = {isa = PBXFileReference; lastKnownFileType = text; path = "BP2 help"; sourceTree = SOURCE_ROOT; };
		92A113410EC39232006B5F38 /* Credits.txt */ = {isa = PBXFileReference; lastKnownFileType = text; path = Credits.txt; sourceTree = SOURCE_ROOT; };
		92A113420EC39232006B5F38 /* License.txt */ = {isa = PBXFileReference; lastKnownFileType = text; path = License.txt; sourceTree = SOURCE_ROOT; };
		92CC19A224BC1BA300360EA5 /* ConsoleGlobals.h */ = {isa = PBXFileReference; lastKnownFileType = sourcecode.c.h; name = ConsoleGlobals.h; path = source/BP2/ConsoleGlobals.h; sourceTree = "<group>"; };
		92DA02DD17BEAC8300140F5B /* ApplicationServices.framework */ = {isa = PBXFileReference; lastKnownFileType = wrapper.framework; name = ApplicationServices.framework; path = /System/Library/Frameworks/ApplicationServices.framework; sourceTree = "<absolute>"; };
		92DA02DE17BEAC8300140F5B /* Carbon.framework */ = {isa = PBXFileReference; lastKnownFileType = wrapper.framework; name = Carbon.framework; path = /System/Library/Frameworks/Carbon.framework; sourceTree = "<absolute>"; };
		92DA02DF17BEAC8300140F5B /* CoreAudio.framework */ = {isa = PBXFileReference; lastKnownFileType = wrapper.framework; name = CoreAudio.framework; path = /System/Library/Frameworks/CoreAudio.framework; sourceTree = "<absolute>"; };
		92DA02E017BEAC8300140F5B /* CoreFoundation.framework */ = {isa = PBXFileReference; lastKnownFileType = wrapper.framework; name = CoreFoundation.framework; path = /System/Library/Frameworks/CoreFoundation.framework; sourceTree = "<absolute>"; };
		92DA02E117BEAC8300140F5B /* CoreMIDI.framework */ = {isa = PBXFileReference; lastKnownFileType = wrapper.framework; name = CoreMIDI.framework; path = /System/Library/Frameworks/CoreMIDI.framework; sourceTree = "<absolute>"; };
		92DA02E217BEAC8300140F5B /* CoreServices.framework */ = {isa = PBXFileReference; lastKnownFileType = wrapper.framework; name = CoreServices.framework; path = /System/Library/Frameworks/CoreServices.framework; sourceTree = "<absolute>"; };
		92DA090D17C445ED00140F5B /* Sound-Object-files.txt */ = {isa = PBXFileReference; fileEncoding = 30; lastKnownFileType = text; name = "Sound-Object-files.txt"; path = "docs-developer/Sound-Object-files.txt"; sourceTree = "<group>"; };
		92DA090E17C445ED00140F5B /* BP2-info2-globals.txt */ = {isa = PBXFileReference; fileEncoding = 30; lastKnownFileType = text; name = "BP2-info2-globals.txt"; path = "docs-developer/BP2-info2-globals.txt"; sourceTree = "<group>"; };
		92DA090F17C445ED00140F5B /* BP2-info4-Grammar-functions.txt */ = {isa = PBXFileReference; fileEncoding = 30; lastKnownFileType = text; name = "BP2-info4-Grammar-functions.txt"; path = "docs-developer/BP2-info4-Grammar-functions.txt"; sourceTree = "<group>"; };
		92DA091017C445ED00140F5B /* BP2-info.txt */ = {isa = PBXFileReference; fileEncoding = 30; lastKnownFileType = text; name = "BP2-info.txt"; path = "docs-developer/BP2-info.txt"; sourceTree = "<group>"; };
		92DA091117C445ED00140F5B /* BP2-history.txt */ = {isa = PBXFileReference; fileEncoding = 30; lastKnownFileType = text; name = "BP2-history.txt"; path = "docs-developer/BP2-history.txt"; sourceTree = "<group>"; };
		92DA091217C445ED00140F5B /* Uses-of-Button.txt */ = {isa = PBXFileReference; fileEncoding = 30; lastKnownFileType = text; name = "Uses-of-Button.txt"; path = "docs-developer/Uses-of-Button.txt"; sourceTree = "<group>"; };
		92DA091317C445ED00140F5B /* BP2-info3-Midi-functions.txt */ = {isa = PBXFileReference; fileEncoding = 30; lastKnownFileType = text; name = "BP2-info3-Midi-functions.txt"; path = "docs-developer/BP2-info3-Midi-functions.txt"; sourceTree = "<group>"; };
		92DA091917C4462400140F5B /* BP2-info5-special-characters.txt */ = {isa = PBXFileReference; fileEncoding = 4; lastKnownFileType = text; name = "BP2-info5-special-characters.txt"; path = "docs-developer/BP2-info5-special-characters.txt"; sourceTree = "<group>"; };
		92DA091A17C4466500140F5B /* Bugs.txt */ = {isa = PBXFileReference; fileEncoding = 4; lastKnownFileType = text; path = Bugs.txt; sourceTree = "<group>"; };
		92DA091B17C4467600140F5B /* ChangeLog */ = {isa = PBXFileReference; fileEncoding = 4; lastKnownFileType = text; path = ChangeLog; sourceTree = "<group>"; };
		92DA0A8A17CBB8FE00140F5B /* CTextHandles.h */ = {isa = PBXFileReference; fileEncoding = 4; lastKnownFileType = sourcecode.c.h; name = CTextHandles.h; path = source/BP2/CTextHandles.h; sourceTree = "<group>"; };
		92DA0A8B17CBB8FE00140F5B /* CTextHandles.c */ = {isa = PBXFileReference; fileEncoding = 4; lastKnownFileType = sourcecode.c.c; name = CTextHandles.c; path = source/BP2/CTextHandles.c; sourceTree = "<group>"; };
		92DA0B5A17CD163300140F5B /* ConsoleMessages.c */ = {isa = PBXFileReference; fileEncoding = 4; lastKnownFileType = sourcecode.c.c; name = ConsoleMessages.c; path = source/BP2/ConsoleMessages.c; sourceTree = "<group>"; };
		92DA0B5F17CD207700140F5B /* ConsoleMessages.h */ = {isa = PBXFileReference; fileEncoding = 4; lastKnownFileType = sourcecode.c.h; name = ConsoleMessages.h; path = source/BP2/ConsoleMessages.h; sourceTree = "<group>"; };
		92DA0C2317CD90FE00140F5B /* Info.plist */ = {isa = PBXFileReference; lastKnownFileType = text.plist.xml; name = Info.plist; path = resources/Info.plist; sourceTree = "<group>"; };
		92DA0C2A17CD926A00140F5B /* bp32 */ = {isa = PBXFileReference; explicitFileType = "compiled.mach-o.executable"; includeInIndex = 0; path = bp32; sourceTree = BUILT_PRODUCTS_DIR; };
/* End PBXFileReference section */

/* Begin PBXFrameworksBuildPhase section */
		9239097422EAA72900E4C459 /* Frameworks */ = {
			isa = PBXFrameworksBuildPhase;
			buildActionMask = 2147483647;
			files = (
			);
			runOnlyForDeploymentPostprocessing = 0;
		};
		92A112C60EC39231006B5F38 /* Frameworks */ = {
			isa = PBXFrameworksBuildPhase;
			buildActionMask = 2147483647;
			files = (
			);
			runOnlyForDeploymentPostprocessing = 0;
		};
		92DA0C2817CD926A00140F5B /* Frameworks */ = {
			isa = PBXFrameworksBuildPhase;
			buildActionMask = 2147483647;
			files = (
			);
			runOnlyForDeploymentPostprocessing = 0;
		};
/* End PBXFrameworksBuildPhase section */

/* Begin PBXGroup section */
		92246BC217B2CB5800D0439B /* Enabled */ = {
			isa = PBXGroup;
			children = (
				92A112E90EC39232006B5F38 /* Arithmetic.c */,
				92A112F10EC39232006B5F38 /* Automata.c */,
				92A112F20EC39232006B5F38 /* CompileGrammar.c */,
				92A112F30EC39232006B5F38 /* CompileProcs.c */,
				92A112F40EC39232006B5F38 /* Compute.c */,
				92246A4317B29E5A00D0439B /* ConsoleMain.c */,
				9224732817B97A1100D0439B /* ConsoleMemory.c */,
				92DA0B5A17CD163300140F5B /* ConsoleMessages.c */,
				9224724017B7E9CF00D0439B /* ConsoleStubs.c */,
				92A112FB0EC39232006B5F38 /* Csound.c */,
				92A112FC0EC39232006B5F38 /* CsoundMaths.c */,
				92A112FD0EC39232006B5F38 /* CsoundScoreMake.c */,
				92DA0A8B17CBB8FE00140F5B /* CTextHandles.c */,
				92A112EF0EC39232006B5F38 /* DisplayArg.c */,
				92A112F00EC39232006B5F38 /* DisplayThings.c */,
				92A112F50EC39232006B5F38 /* Encode.c */,
				92A112F60EC39232006B5F38 /* FillPhaseDiagram.c */,
				92A112DD0EC39231006B5F38 /* GetRelease.c */,
				92A112FE0EC39232006B5F38 /* Glossary.c */,
				92A112E80EC39232006B5F38 /* HTML.c */,
				92A112D80EC39231006B5F38 /* Inits.c */,
				92A112E20EC39231006B5F38 /* Interface2.c */,
				92A113060EC39232006B5F38 /* MakeSound.c */,
				92A112EC0EC39232006B5F38 /* MIDIfiles.c */,
				92A112ED0EC39232006B5F38 /* MIDIloads.c */,
				928320F9157C5CE600EADF2F /* MIDIstubs.c */,
				92A112EA0EC39232006B5F38 /* MIDIstuff.c */,
				92A112E30EC39231006B5F38 /* Misc.c */,
				92A112F90EC39232006B5F38 /* PlayThings.c */,
				92A112F70EC39232006B5F38 /* Polymetric.c */,
				92A112F80EC39232006B5F38 /* ProduceItems.c */,
				92A112E50EC39231006B5F38 /* SaveLoads1.c */,
				92A112E70EC39232006B5F38 /* SaveLoads3.c */,
				92A1130A0EC39232006B5F38 /* SetObjectFeatures.c */,
				92A113080EC39232006B5F38 /* SoundObjects2.c */,
				92A113090EC39232006B5F38 /* SoundObjects3.c */,
				92A112EE0EC39232006B5F38 /* Strings.c */,
				92A1130C0EC39232006B5F38 /* Ticks.c */,
				92A1130D0EC39232006B5F38 /* TimeSet.c */,
				92A1130B0EC39232006B5F38 /* TimeSetFunctions.c */,
				92A113000EC39232006B5F38 /* Zouleb.c */,
			);
			name = Enabled;
			sourceTree = "<group>";
		};
		92246BC317B2CBBB00D0439B /* Disabled */ = {
			isa = PBXGroup;
			children = (
				92A112DE0EC39231006B5F38 /* AppleEvents.c */,
				92A112D70EC39231006B5F38 /* BP2main.c */,
				92A112DB0EC39231006B5F38 /* CarbonCompatUtil.c */,
				92A113010EC39232006B5F38 /* Color.c */,
				92A112EB0EC39232006B5F38 /* CoreMIDIdriver.c */,
				92A112E00EC39231006B5F38 /* Dialogs.c */,
				92A113020EC39232006B5F38 /* Graphic.c */,
				92A112FF0EC39232006B5F38 /* Interaction.c */,
				92A112E10EC39231006B5F38 /* Interface1.c */,
				92A112DF0EC39231006B5F38 /* MenuCommands.c */,
				92A112D90EC39231006B5F38 /* NavServWrapper.c */,
				92A112E40EC39231006B5F38 /* Processes.c */,
				92A112E60EC39231006B5F38 /* SaveLoads2.c */,
				92A113030EC39232006B5F38 /* Script.c */,
				92A113040EC39232006B5F38 /* ScriptAlgo.c */,
				92A113050EC39232006B5F38 /* ScriptUtils.c */,
				92A113070EC39232006B5F38 /* SoundObjects1.c */,
				92A112FA0EC39232006B5F38 /* Translit.c */,
				92A1130E0EC39232006B5F38 /* WindowText.c */,
			);
			name = Disabled;
			sourceTree = "<group>";
		};
		92A112A10EC3922F006B5F38 = {
			isa = PBXGroup;
			children = (
				92A112D60EC39231006B5F38 /* Sources */,
				92A1130F0EC39232006B5F38 /* Headers */,
				92A1131E0EC39232006B5F38 /* WASTE */,
				92A113340EC39232006B5F38 /* WASTE Headers */,
				92A113390EC39232006B5F38 /* Resources */,
				92A1133E0EC39232006B5F38 /* Package extras */,
				92A113870EC3924E006B5F38 /* Frameworks */,
				92A112B20EC39230006B5F38 /* Products */,
				92DA090517C4453400140F5B /* docs-developer */,
				92DA0C2317CD90FE00140F5B /* Info.plist */,
				9239097922EAA72A00E4C459 /* bpconsole copy-Info.plist */,
			);
			sourceTree = "<group>";
			usesTabs = 1;
			wrapsLines = 0;
		};
		92A112B20EC39230006B5F38 /* Products */ = {
			isa = PBXGroup;
			children = (
				92A112C90EC39231006B5F38 /* bpconsole.app */,
				92DA0C2A17CD926A00140F5B /* bp32 */,
				9239097822EAA72900E4C459 /* bp64 */,
			);
			name = Products;
			sourceTree = "<group>";
		};
		92A112D60EC39231006B5F38 /* Sources */ = {
			isa = PBXGroup;
			children = (
				92246BC217B2CB5800D0439B /* Enabled */,
				92246BC317B2CBBB00D0439B /* Disabled */,
			);
			name = Sources;
			sourceTree = "<group>";
		};
		92A1130F0EC39232006B5F38 /* Headers */ = {
			isa = PBXGroup;
			children = (
				92A113100EC39232006B5F38 /* -BP2.h */,
				92A113110EC39232006B5F38 /* -BP2.proto.h */,
				92A113120EC39232006B5F38 /* -BP2decl.h */,
				92A113130EC39232006B5F38 /* -BP2main.h */,
				92A112DC0EC39231006B5F38 /* CarbonCompatUtil.h */,
				92CC19A224BC1BA300360EA5 /* ConsoleGlobals.h */,
				92DA0B5F17CD207700140F5B /* ConsoleMessages.h */,
				92DA0A8A17CBB8FE00140F5B /* CTextHandles.h */,
				92A113140EC39232006B5F38 /* midi1.h */,
				92248DCE17BA8C0E00D0439B /* MissingMacPrototypes.h */,
				9267C69217B06BC600119CEA /* MissingMacTypes.h */,
				92A112DA0EC39231006B5F38 /* NavServWrapper.h */,
				92A112C00EC39231006B5F38 /* PrefixANSIDebug.h */,
				92A1131A0EC39232006B5F38 /* PrefixCarbonMLTE.h */,
				92A113190EC39232006B5F38 /* PrefixCarbonTextEdit.h */,
				92A1131B0EC39232006B5F38 /* PrefixCarbonWASTE.h */,
				92A112B50EC39230006B5F38 /* PrefixMachO-Import.h */,
				92A1131C0EC39232006B5F38 /* PrefixMachO.h */,
				92A1131D0EC39232006B5F38 /* PrefixMachOWASTE.h */,
				92A112CB0EC39231006B5F38 /* PrefixReleaseMachOWASTE-Import.h */,
				92A113150EC39232006B5F38 /* PrefixReleaseMachOWASTE.h */,
				92A113160EC39232006B5F38 /* PrefixReleaseTransWASTE.h */,
				92A113170EC39232006B5F38 /* PrefixTransTextEdit.h */,
				92A113180EC39232006B5F38 /* PrefixTransWASTE.h */,
				92135B3517DD1DB800B88604 /* StringLists.h */,
			);
			name = Headers;
			sourceTree = "<group>";
		};
		92A1131E0EC39232006B5F38 /* WASTE */ = {
			isa = PBXGroup;
			children = (
				92A1131F0EC39232006B5F38 /* WEArrays.c */,
				92A113200EC39232006B5F38 /* WEBirthDeath.c */,
				92A113210EC39232006B5F38 /* WEDebug.c */,
				92A113220EC39232006B5F38 /* WEDrawing.c */,
				92A113230EC39232006B5F38 /* WEHighLevelEditing.c */,
				92A113240EC39232006B5F38 /* WEInlineInput.c */,
				92A113250EC39232006B5F38 /* WELineLayout.c */,
				92A113260EC39232006B5F38 /* WELongCoords.c */,
				92A113270EC39232006B5F38 /* WELowLevelEditing.c */,
				92A113280EC39232006B5F38 /* WEMouse.c */,
				92A1132A0EC39232006B5F38 /* WEObjectHandlers.h */,
				92A113290EC39232006B5F38 /* WEObjectHandlers.c */,
				92A1132B0EC39232006B5F38 /* WEObjects.c */,
				92A1132C0EC39232006B5F38 /* WEScraps.c */,
				92A1132D0EC39232006B5F38 /* WESelecting.c */,
				92A1132E0EC39232006B5F38 /* WESelectors.c */,
				92A113300EC39232006B5F38 /* WETabHooks.h */,
				92A1132F0EC39232006B5F38 /* WETabHooks.c */,
				92A113320EC39232006B5F38 /* WETabs.h */,
				92A113310EC39232006B5F38 /* WETabs.c */,
				92A113330EC39232006B5F38 /* WEUtilities.c */,
			);
			name = WASTE;
			sourceTree = "<group>";
		};
		92A113340EC39232006B5F38 /* WASTE Headers */ = {
			isa = PBXGroup;
			children = (
				92A113350EC39232006B5F38 /* LongCoords.h */,
				92A113360EC39232006B5F38 /* WASTE.h */,
				92A113370EC39232006B5F38 /* WASTEIntf.h */,
			);
			name = "WASTE Headers";
			sourceTree = "<group>";
		};
		92A113390EC39232006B5F38 /* Resources */ = {
			isa = PBXGroup;
			children = (
			);
			name = Resources;
			sourceTree = "<group>";
		};
		92A1133E0EC39232006B5F38 /* Package extras */ = {
			isa = PBXGroup;
			children = (
				92A1133F0EC39232006B5F38 /* -se.startup */,
				92A113400EC39232006B5F38 /* BP2 help */,
				92A113410EC39232006B5F38 /* Credits.txt */,
				92A113420EC39232006B5F38 /* License.txt */,
			);
			name = "Package extras";
			sourceTree = "<group>";
		};
		92A113870EC3924E006B5F38 /* Frameworks */ = {
			isa = PBXGroup;
			children = (
				92DA02DD17BEAC8300140F5B /* ApplicationServices.framework */,
				92DA02DE17BEAC8300140F5B /* Carbon.framework */,
				92DA02DF17BEAC8300140F5B /* CoreAudio.framework */,
				92DA02E017BEAC8300140F5B /* CoreFoundation.framework */,
				92DA02E117BEAC8300140F5B /* CoreMIDI.framework */,
				92DA02E217BEAC8300140F5B /* CoreServices.framework */,
			);
			name = Frameworks;
			sourceTree = "<group>";
		};
		92DA090517C4453400140F5B /* docs-developer */ = {
			isa = PBXGroup;
			children = (
				92DA091A17C4466500140F5B /* Bugs.txt */,
				92DA091B17C4467600140F5B /* ChangeLog */,
				92DA091117C445ED00140F5B /* BP2-history.txt */,
				92DA091017C445ED00140F5B /* BP2-info.txt */,
				92DA090E17C445ED00140F5B /* BP2-info2-globals.txt */,
				92DA091317C445ED00140F5B /* BP2-info3-Midi-functions.txt */,
				92DA090F17C445ED00140F5B /* BP2-info4-Grammar-functions.txt */,
				92DA091917C4462400140F5B /* BP2-info5-special-characters.txt */,
				92DA090D17C445ED00140F5B /* Sound-Object-files.txt */,
				92DA091217C445ED00140F5B /* Uses-of-Button.txt */,
			);
			name = "docs-developer";
			sourceTree = "<group>";
		};
/* End PBXGroup section */

/* Begin PBXHeadersBuildPhase section */
		92A112C30EC39231006B5F38 /* Headers */ = {
			isa = PBXHeadersBuildPhase;
			buildActionMask = 2147483647;
			files = (
				92A113AB0EC3924F006B5F38 /* NavServWrapper.h in Headers */,
				92A113BD0EC3924F006B5F38 /* CarbonCompatUtil.h in Headers */,
				92A113E40EC39254006B5F38 /* -BP2.h in Headers */,
				92A113E50EC39254006B5F38 /* -BP2main.h in Headers */,
				92A113E60EC39254006B5F38 /* -BP2decl.h in Headers */,
				92A113EC0EC39254006B5F38 /* midi1.h in Headers */,
				92A113ED0EC39254006B5F38 /* -BP2.proto.h in Headers */,
				92832054157B209D00EADF2F /* PrefixANSIDebug.h in Headers */,
				9267C69517B06BC600119CEA /* MissingMacTypes.h in Headers */,
				92248DCF17BA8C0E00D0439B /* MissingMacPrototypes.h in Headers */,
				92DA0A8C17CBB8FE00140F5B /* CTextHandles.h in Headers */,
				92DA0B6017CD207700140F5B /* ConsoleMessages.h in Headers */,
				92135B3617DD1DB800B88604 /* StringLists.h in Headers */,
			);
			runOnlyForDeploymentPostprocessing = 0;
		};
/* End PBXHeadersBuildPhase section */

/* Begin PBXNativeTarget section */
		9239094B22EAA72900E4C459 /* bpconsole 64-bit */ = {
			isa = PBXNativeTarget;
			buildConfigurationList = 9239097522EAA72900E4C459 /* Build configuration list for PBXNativeTarget "bpconsole 64-bit" */;
			buildPhases = (
				9239094C22EAA72900E4C459 /* Sources */,
				9239097422EAA72900E4C459 /* Frameworks */,
			);
			buildRules = (
			);
			dependencies = (
			);
			name = "bpconsole 64-bit";
			productName = bpconsole;
			productReference = 9239097822EAA72900E4C459 /* bp64 */;
			productType = "com.apple.product-type.tool";
		};
		92A112C80EC39231006B5F38 /* Universal (10.4) */ = {
			isa = PBXNativeTarget;
			buildConfigurationList = 92A112CE0EC39231006B5F38 /* Build configuration list for PBXNativeTarget "Universal (10.4)" */;
			buildPhases = (
				92A112C30EC39231006B5F38 /* Headers */,
				92A112C40EC39231006B5F38 /* Sources */,
				92A112C50EC39231006B5F38 /* Resources */,
				92A112C60EC39231006B5F38 /* Frameworks */,
				92A112C70EC39231006B5F38 /* Rez */,
				927DEC400EC6DB1D0036A79B /* Copy Extra Files */,
			);
			buildRules = (
				92A114900EC64CB4006B5F38 /* PBXBuildRule */,
				92A114910EC64CD3006B5F38 /* PBXBuildRule */,
			);
			dependencies = (
			);
			name = "Universal (10.4)";
			productName = "MacOS X Release";
			productReference = 92A112C90EC39231006B5F38 /* bpconsole.app */;
			productType = "com.apple.product-type.application";
		};
		92DA0C2917CD926A00140F5B /* bpconsole 32-bit */ = {
			isa = PBXNativeTarget;
			buildConfigurationList = 92DA0C2C17CD928800140F5B /* Build configuration list for PBXNativeTarget "bpconsole 32-bit" */;
			buildPhases = (
				92DA0C2717CD926A00140F5B /* Sources */,
				92DA0C2817CD926A00140F5B /* Frameworks */,
			);
			buildRules = (
			);
			dependencies = (
			);
			name = "bpconsole 32-bit";
			productName = bpconsole;
			productReference = 92DA0C2A17CD926A00140F5B /* bp32 */;
			productType = "com.apple.product-type.tool";
		};
/* End PBXNativeTarget section */

/* Begin PBXProject section */
		92A112A30EC3922F006B5F38 /* Project object */ = {
			isa = PBXProject;
			attributes = {
				LastUpgradeCheck = 0820;
			};
			buildConfigurationList = 92A112A40EC3922F006B5F38 /* Build configuration list for PBXProject "BP2-ANSI.xc82" */;
			compatibilityVersion = "Xcode 3.2";
			developmentRegion = English;
			hasScannedForEncodings = 0;
			knownRegions = (
				en,
			);
			mainGroup = 92A112A10EC3922F006B5F38;
			productRefGroup = 92A112B20EC39230006B5F38 /* Products */;
			projectDirPath = "";
			projectRoot = "";
			targets = (
				92A112C80EC39231006B5F38 /* Universal (10.4) */,
				92DA0C2917CD926A00140F5B /* bpconsole 32-bit */,
				9239094B22EAA72900E4C459 /* bpconsole 64-bit */,
			);
		};
/* End PBXProject section */

/* Begin PBXResourcesBuildPhase section */
		92A112C50EC39231006B5F38 /* Resources */ = {
			isa = PBXResourcesBuildPhase;
			buildActionMask = 2147483647;
			files = (
			);
			runOnlyForDeploymentPostprocessing = 0;
		};
/* End PBXResourcesBuildPhase section */

/* Begin PBXRezBuildPhase section */
		92A112C70EC39231006B5F38 /* Rez */ = {
			isa = PBXRezBuildPhase;
			buildActionMask = 2147483647;
			files = (
			);
			runOnlyForDeploymentPostprocessing = 0;
		};
/* End PBXRezBuildPhase section */

/* Begin PBXSourcesBuildPhase section */
		9239094C22EAA72900E4C459 /* Sources */ = {
			isa = PBXSourcesBuildPhase;
			buildActionMask = 2147483647;
			files = (
				9239094D22EAA72900E4C459 /* ConsoleMain.c in Sources */,
				9239094E22EAA72900E4C459 /* ConsoleMemory.c in Sources */,
				9239094F22EAA72900E4C459 /* ConsoleMessages.c in Sources */,
				9239095022EAA72900E4C459 /* ConsoleStubs.c in Sources */,
				9239095122EAA72900E4C459 /* Encode.c in Sources */,
				9239095222EAA72900E4C459 /* CTextHandles.c in Sources */,
				9239095322EAA72900E4C459 /* Strings.c in Sources */,
				9239095422EAA72900E4C459 /* GetRelease.c in Sources */,
				9290E9FB24C62DC60064A1A3 /* SaveLoads1.c in Sources */,
				9239095522EAA72900E4C459 /* Inits.c in Sources */,
				9239095622EAA72900E4C459 /* Misc.c in Sources */,
				9239095722EAA72900E4C459 /* DisplayThings.c in Sources */,
				9239095822EAA72900E4C459 /* CompileGrammar.c in Sources */,
				9239095922EAA72900E4C459 /* CompileProcs.c in Sources */,
				9239095A22EAA72900E4C459 /* PlayThings.c in Sources */,
				9239095B22EAA72900E4C459 /* Polymetric.c in Sources */,
				9239095C22EAA72900E4C459 /* ProduceItems.c in Sources */,
				9239095D22EAA72900E4C459 /* Arithmetic.c in Sources */,
				92932D2B24D68D2C008CECF5 /* MIDIfiles.c in Sources */,
				9239095E22EAA72900E4C459 /* Automata.c in Sources */,
				9239095F22EAA72900E4C459 /* Compute.c in Sources */,
				9239096022EAA72900E4C459 /* Csound.c in Sources */,
				9239096122EAA72900E4C459 /* CsoundMaths.c in Sources */,
				9239096222EAA72900E4C459 /* CsoundScoreMake.c in Sources */,
				9239096322EAA72900E4C459 /* DisplayArg.c in Sources */,
				9239096422EAA72900E4C459 /* FillPhaseDiagram.c in Sources */,
				9239096522EAA72900E4C459 /* Glossary.c in Sources */,
				9239096622EAA72900E4C459 /* HTML.c in Sources */,
				9239096722EAA72900E4C459 /* Interface2.c in Sources */,
				9239096822EAA72900E4C459 /* MakeSound.c in Sources */,
				9239096922EAA72900E4C459 /* MIDIloads.c in Sources */,
				9239096A22EAA72900E4C459 /* MIDIstubs.c in Sources */,
				9239096B22EAA72900E4C459 /* MIDIstuff.c in Sources */,
				9239096C22EAA72900E4C459 /* SaveLoads3.c in Sources */,
				9239096D22EAA72900E4C459 /* SetObjectFeatures.c in Sources */,
				9239096E22EAA72900E4C459 /* SoundObjects2.c in Sources */,
				9239096F22EAA72900E4C459 /* SoundObjects3.c in Sources */,
				9239097022EAA72900E4C459 /* Ticks.c in Sources */,
				9239097122EAA72900E4C459 /* TimeSet.c in Sources */,
				9239097222EAA72900E4C459 /* TimeSetFunctions.c in Sources */,
				9239097322EAA72900E4C459 /* Zouleb.c in Sources */,
			);
			runOnlyForDeploymentPostprocessing = 0;
		};
		92A112C40EC39231006B5F38 /* Sources */ = {
			isa = PBXSourcesBuildPhase;
			buildActionMask = 2147483647;
			files = (
				92A113A20EC3924F006B5F38 /* DisplayThings.c in Sources */,
				92A113A30EC3924F006B5F38 /* Misc.c in Sources */,
				92A113AC0EC3924F006B5F38 /* HTML.c in Sources */,
				92A113AD0EC3924F006B5F38 /* Strings.c in Sources */,
				92A113BE0EC3924F006B5F38 /* SetObjectFeatures.c in Sources */,
				92A113C00EC3924F006B5F38 /* SoundObjects2.c in Sources */,
				92A113C10EC3924F006B5F38 /* SoundObjects3.c in Sources */,
				92A113C20EC3924F006B5F38 /* Csound.c in Sources */,
				9290E9FC24C62E4B0064A1A3 /* SaveLoads1.c in Sources */,
				92A113C30EC3924F006B5F38 /* CsoundMaths.c in Sources */,
				92A113C60EC3924F006B5F38 /* MIDIloads.c in Sources */,
				92A113C80EC3924F006B5F38 /* MIDIstuff.c in Sources */,
				92A113C90EC3924F006B5F38 /* MakeSound.c in Sources */,
				92A113CA0EC3924F006B5F38 /* PlayThings.c in Sources */,
				92A113CB0EC3924F006B5F38 /* TimeSet.c in Sources */,
				92A113CC0EC3924F006B5F38 /* TimeSetFunctions.c in Sources */,
				92A113CD0EC3924F006B5F38 /* FillPhaseDiagram.c in Sources */,
				92A113CE0EC3924F006B5F38 /* Arithmetic.c in Sources */,
				92932D2924D68D2A008CECF5 /* MIDIfiles.c in Sources */,
				92A113CF0EC3924F006B5F38 /* Automata.c in Sources */,
				92A113D00EC3924F006B5F38 /* DisplayArg.c in Sources */,
				92A113D10EC3924F006B5F38 /* CompileGrammar.c in Sources */,
				92A113D20EC3924F006B5F38 /* CompileProcs.c in Sources */,
				92A113D30EC3924F006B5F38 /* Compute.c in Sources */,
				92A113D40EC3924F006B5F38 /* Encode.c in Sources */,
				92A113D50EC3924F006B5F38 /* Polymetric.c in Sources */,
				92A113D60EC3924F006B5F38 /* ProduceItems.c in Sources */,
				92A113D70EC3924F006B5F38 /* Zouleb.c in Sources */,
				92A113D80EC3924F006B5F38 /* Glossary.c in Sources */,
				92A113DA0EC3924F006B5F38 /* Ticks.c in Sources */,
				928320FB157C5CE600EADF2F /* MIDIstubs.c in Sources */,
				92246A4417B29E5A00D0439B /* ConsoleMain.c in Sources */,
				92246A5B17B2A5C700D0439B /* GetRelease.c in Sources */,
				92246A5E17B2A5EC00D0439B /* Inits.c in Sources */,
				9224724117B7E9CF00D0439B /* ConsoleStubs.c in Sources */,
				9224732917B97A1100D0439B /* ConsoleMemory.c in Sources */,
				92DA09AA17CA899800140F5B /* Interface2.c in Sources */,
				92DA0A8D17CBB8FE00140F5B /* CTextHandles.c in Sources */,
				92DA0B5B17CD163300140F5B /* ConsoleMessages.c in Sources */,
				92DA119A17D2E0B500140F5B /* CsoundScoreMake.c in Sources */,
				92DA120717D67BB700140F5B /* SaveLoads3.c in Sources */,
			);
			runOnlyForDeploymentPostprocessing = 0;
		};
		92DA0C2717CD926A00140F5B /* Sources */ = {
			isa = PBXSourcesBuildPhase;
			buildActionMask = 2147483647;
			files = (
				92DA0C4517CD941700140F5B /* ConsoleMain.c in Sources */,
				92DA0C4617CD941800140F5B /* ConsoleMemory.c in Sources */,
				92DA0C4717CD941800140F5B /* ConsoleMessages.c in Sources */,
				92DA0C4817CD941800140F5B /* ConsoleStubs.c in Sources */,
				92DA0C5117CD944100140F5B /* Encode.c in Sources */,
				92DA0C5217CD944A00140F5B /* CTextHandles.c in Sources */,
				92DA0C5F17CD97FE00140F5B /* Strings.c in Sources */,
				92DA0C6217CD983900140F5B /* GetRelease.c in Sources */,
				9290E9FA24C62DC40064A1A3 /* SaveLoads1.c in Sources */,
				92DA0C6417CD985400140F5B /* Inits.c in Sources */,
				92DA0C6617CD98D900140F5B /* Misc.c in Sources */,
				92DA0C6917CD992600140F5B /* DisplayThings.c in Sources */,
				92DA0C6B17CD99BB00140F5B /* CompileGrammar.c in Sources */,
				92DA0C6D17CD9A0800140F5B /* CompileProcs.c in Sources */,
				92DA0C6F17CD9B2D00140F5B /* PlayThings.c in Sources */,
				92DA0C7417CD9D6100140F5B /* Polymetric.c in Sources */,
				92DA0C7517CD9D6600140F5B /* ProduceItems.c in Sources */,
				92BD2E5C17E262220028D273 /* Arithmetic.c in Sources */,
				92932D2A24D68D2B008CECF5 /* MIDIfiles.c in Sources */,
				92BD2E5D17E262270028D273 /* Automata.c in Sources */,
				92BD2E5E17E262280028D273 /* Compute.c in Sources */,
				92BD2E5F17E262290028D273 /* Csound.c in Sources */,
				92BD2E6017E2622A0028D273 /* CsoundMaths.c in Sources */,
				92BD2E6117E2622A0028D273 /* CsoundScoreMake.c in Sources */,
				92BD2E6217E2622B0028D273 /* DisplayArg.c in Sources */,
				92BD2E6317E2622C0028D273 /* FillPhaseDiagram.c in Sources */,
				92BD2E6417E2622D0028D273 /* Glossary.c in Sources */,
				92BD2E6517E2622E0028D273 /* HTML.c in Sources */,
				92BD2E6617E2622F0028D273 /* Interface2.c in Sources */,
				92BD2E6717E2622F0028D273 /* MakeSound.c in Sources */,
				92BD2E6817E262300028D273 /* MIDIloads.c in Sources */,
				92BD2E6917E262310028D273 /* MIDIstubs.c in Sources */,
				92BD2E6A17E262310028D273 /* MIDIstuff.c in Sources */,
				92BD2E6B17E262330028D273 /* SaveLoads3.c in Sources */,
				92BD2E6C17E262330028D273 /* SetObjectFeatures.c in Sources */,
				92BD2E6D17E262340028D273 /* SoundObjects2.c in Sources */,
				92BD2E6E17E262350028D273 /* SoundObjects3.c in Sources */,
				92BD2E6F17E262360028D273 /* Ticks.c in Sources */,
				92BD2E7017E262360028D273 /* TimeSet.c in Sources */,
				92BD2E7117E262370028D273 /* TimeSetFunctions.c in Sources */,
				92BD2E7217E262370028D273 /* Zouleb.c in Sources */,
			);
			runOnlyForDeploymentPostprocessing = 0;
		};
/* End PBXSourcesBuildPhase section */

/* Begin XCBuildConfiguration section */
		9239097622EAA72900E4C459 /* Release */ = {
			isa = XCBuildConfiguration;
			buildSettings = {
				ALWAYS_SEARCH_USER_PATHS = NO;
				ARCHS = "$(ARCHS_STANDARD_64_BIT)";
				CLANG_WARN_ASSIGN_ENUM = YES;
				CLANG_WARN_INT_CONVERSION = YES;
				COPY_PHASE_STRIP = YES;
				GCC_ENABLE_FIX_AND_CONTINUE = NO;
				GCC_GENERATE_DEBUGGING_SYMBOLS = NO;
				GCC_MODEL_TUNING = "";
				GCC_PRECOMPILE_PREFIX_HEADER = YES;
				GCC_PREFIX_HEADER = source/prefix/PrefixANSIDebug.h;
				GCC_WARN_64_TO_32_BIT_CONVERSION = YES;
				INFOPLIST_FILE = resources/Info.plist;
				INSTALL_PATH = "$(HOME)/bin";
				OTHER_LDFLAGS = (
					"-multiply_defined",
					warning,
					"$(inherited)",
				);
				PREBINDING = NO;
				PRODUCT_NAME = bp64;
				ZERO_LINK = NO;
			};
			name = Release;
		};
		9239097722EAA72900E4C459 /* Debug */ = {
			isa = XCBuildConfiguration;
			buildSettings = {
				ALWAYS_SEARCH_USER_PATHS = NO;
				ARCHS = "$(ARCHS_STANDARD_64_BIT)";
				CLANG_WARN_ASSIGN_ENUM = YES;
				CLANG_WARN_INT_CONVERSION = YES;
				COPY_PHASE_STRIP = NO;
				GCC_ENABLE_FIX_AND_CONTINUE = YES;
				GCC_GENERATE_DEBUGGING_SYMBOLS = YES;
				GCC_MODEL_TUNING = "";
				GCC_OPTIMIZATION_LEVEL = 0;
				GCC_PRECOMPILE_PREFIX_HEADER = YES;
				GCC_PREFIX_HEADER = source/prefix/PrefixANSIDebug.h;
				GCC_WARN_64_TO_32_BIT_CONVERSION = YES;
				INFOPLIST_FILE = resources/Info.plist;
				INSTALL_PATH = "$(HOME)/bin";
				OTHER_LDFLAGS = (
					"-multiply_defined",
					warning,
					"$(inherited)",
				);
				PREBINDING = NO;
				PRODUCT_NAME = bp64;
				ZERO_LINK = NO;
			};
			name = Debug;
		};
		92456DE20EC96270001BD76F /* Release */ = {
			isa = XCBuildConfiguration;
			buildSettings = {
				ARCHS = "$(ARCHS_STANDARD_32_BIT)";
				GCC_GENERATE_DEBUGGING_SYMBOLS = NO;
				GCC_MODEL_TUNING = G4;
				GCC_OPTIMIZATION_LEVEL = s;
				GCC_WARN_ABOUT_DEPRECATED_FUNCTIONS = NO;
				GCC_WARN_ABOUT_MISSING_PROTOTYPES = YES;
				GCC_WARN_MISSING_PARENTHESES = YES;
				GCC_WARN_TYPECHECK_CALLS_TO_PRINTF = YES;
				GCC_WARN_UNINITIALIZED_AUTOS = YES;
				GCC_WARN_UNKNOWN_PRAGMAS = YES;
				INFOPLIST_FILE = resources/Info.plist;
				MACOSX_DEPLOYMENT_TARGET = 10.6;
				SDKROOT = macosx10.6;
			};
			name = Release;
		};
		92456DE30EC96270001BD76F /* Release */ = {
			isa = XCBuildConfiguration;
			buildSettings = {
				ALWAYS_SEARCH_USER_PATHS = NO;
				GCC_PRECOMPILE_PREFIX_HEADER = YES;
				GCC_PREFIX_HEADER = source/prefix/PrefixANSIDebug.h;
				OTHER_CFLAGS = "-fno-inline";
				OTHER_LDFLAGS = (
					"-multiply_defined",
					warning,
				);
				PRODUCT_NAME = bpconsole;
				REZ_SCRIPT_TYPE = Roman;
				REZ_SUPPRESS_REDECLARED_RESOURCE_TYPE_WARNINGS = NO;
				STRIP_INSTALLED_PRODUCT = NO;
			};
			name = Release;
		};
		92456DE60EC96278001BD76F /* Debug */ = {
			isa = XCBuildConfiguration;
			buildSettings = {
				ARCHS = "$(ARCHS_STANDARD_32_BIT)";
				GCC_ENABLE_FIX_AND_CONTINUE = YES;
				GCC_GENERATE_DEBUGGING_SYMBOLS = YES;
				GCC_MODEL_TUNING = "";
				GCC_OPTIMIZATION_LEVEL = 0;
				GCC_WARN_ABOUT_DEPRECATED_FUNCTIONS = NO;
				GCC_WARN_ABOUT_MISSING_PROTOTYPES = YES;
				GCC_WARN_ABOUT_RETURN_TYPE = YES;
				GCC_WARN_SIGN_COMPARE = YES;
				GCC_WARN_UNKNOWN_PRAGMAS = YES;
				GCC_WARN_UNUSED_PARAMETER = YES;
				GCC_WARN_UNUSED_VALUE = NO;
				GCC_WARN_UNUSED_VARIABLE = YES;
				INFOPLIST_FILE = resources/Info.plist;
				MACOSX_DEPLOYMENT_TARGET = 10.6;
				SDKROOT = macosx10.6;
			};
			name = Debug;
		};
		92456DE70EC96278001BD76F /* Debug */ = {
			isa = XCBuildConfiguration;
			buildSettings = {
				ALWAYS_SEARCH_USER_PATHS = NO;
				ARCHS = "$(NATIVE_ARCH)";
				GCC_PRECOMPILE_PREFIX_HEADER = YES;
				GCC_PREFIX_HEADER = source/prefix/PrefixANSIDebug.h;
				OTHER_CFLAGS = "-fno-inline";
				OTHER_LDFLAGS = (
					"-multiply_defined",
					warning,
				);
				PRODUCT_NAME = bpconsole;
				REZ_SCRIPT_TYPE = Roman;
				REZ_SUPPRESS_REDECLARED_RESOURCE_TYPE_WARNINGS = NO;
				STRIP_INSTALLED_PRODUCT = NO;
			};
			name = Debug;
		};
		92DA0C2D17CD928800140F5B /* Release */ = {
			isa = XCBuildConfiguration;
			buildSettings = {
				ALWAYS_SEARCH_USER_PATHS = NO;
				CLANG_WARN_ASSIGN_ENUM = YES;
				COPY_PHASE_STRIP = YES;
				GCC_ENABLE_FIX_AND_CONTINUE = NO;
				GCC_GENERATE_DEBUGGING_SYMBOLS = NO;
				GCC_MODEL_TUNING = "";
				GCC_PRECOMPILE_PREFIX_HEADER = YES;
				GCC_PREFIX_HEADER = source/prefix/PrefixANSIDebug.h;
				INSTALL_PATH = "$(HOME)/bin";
				OTHER_LDFLAGS = (
					"-multiply_defined",
					warning,
					"$(inherited)",
				);
				PREBINDING = NO;
				PRODUCT_NAME = bp32;
				STRINGS_FILE_OUTPUT_ENCODING = "UTF-16";
				ZERO_LINK = NO;
			};
			name = Release;
		};
		92DA0C2E17CD928800140F5B /* Debug */ = {
			isa = XCBuildConfiguration;
			buildSettings = {
				ALWAYS_SEARCH_USER_PATHS = NO;
				CLANG_WARN_ASSIGN_ENUM = YES;
				COPY_PHASE_STRIP = NO;
				GCC_ENABLE_FIX_AND_CONTINUE = YES;
				GCC_GENERATE_DEBUGGING_SYMBOLS = YES;
				GCC_MODEL_TUNING = "";
				GCC_OPTIMIZATION_LEVEL = 0;
				GCC_PRECOMPILE_PREFIX_HEADER = YES;
				GCC_PREFIX_HEADER = source/prefix/PrefixANSIDebug.h;
				INSTALL_PATH = "$(HOME)/bin";
				OTHER_LDFLAGS = (
					"-multiply_defined",
					warning,
					"$(inherited)",
				);
				PREBINDING = NO;
				PRODUCT_NAME = bp32;
				STRINGS_FILE_OUTPUT_ENCODING = "UTF-16";
				ZERO_LINK = NO;
			};
			name = Debug;
		};
/* End XCBuildConfiguration section */

/* Begin XCConfigurationList section */
		9239097522EAA72900E4C459 /* Build configuration list for PBXNativeTarget "bpconsole 64-bit" */ = {
			isa = XCConfigurationList;
			buildConfigurations = (
				9239097622EAA72900E4C459 /* Release */,
				9239097722EAA72900E4C459 /* Debug */,
			);
			defaultConfigurationIsVisible = 0;
			defaultConfigurationName = Release;
		};
		92A112A40EC3922F006B5F38 /* Build configuration list for PBXProject "BP2-ANSI.xc82" */ = {
			isa = XCConfigurationList;
			buildConfigurations = (
				92456DE20EC96270001BD76F /* Release */,
				92456DE60EC96278001BD76F /* Debug */,
			);
			defaultConfigurationIsVisible = 1;
			defaultConfigurationName = Release;
		};
		92A112CE0EC39231006B5F38 /* Build configuration list for PBXNativeTarget "Universal (10.4)" */ = {
			isa = XCConfigurationList;
			buildConfigurations = (
				92456DE30EC96270001BD76F /* Release */,
				92456DE70EC96278001BD76F /* Debug */,
			);
			defaultConfigurationIsVisible = 0;
			defaultConfigurationName = Release;
		};
		92DA0C2C17CD928800140F5B /* Build configuration list for PBXNativeTarget "bpconsole 32-bit" */ = {
			isa = XCConfigurationList;
			buildConfigurations = (
				92DA0C2D17CD928800140F5B /* Release */,
				92DA0C2E17CD928800140F5B /* Debug */,
			);
			defaultConfigurationIsVisible = 0;
			defaultConfigurationName = Release;
		};
/* End XCConfigurationList section */
	};
	rootObject = 92A112A30EC3922F006B5F38 /* Project object */;
}
